// !$*UTF8*$!
{
	archiveVersion = 1;
	classes = {
	};
	objectVersion = 55;
	objects = {

/* Begin PBXBuildFile section */
		750459682796328500D47077 /* SingUpViewController.swift in Sources */ = {isa = PBXBuildFile; fileRef = 750459672796328500D47077 /* SingUpViewController.swift */; };
		7504596E279632EA00D47077 /* SingUpViewController.xib in Resources */ = {isa = PBXBuildFile; fileRef = 7504596D279632EA00D47077 /* SingUpViewController.xib */; };
		75045970279633AA00D47077 /* SingUpPresenter.swift in Sources */ = {isa = PBXBuildFile; fileRef = 7504596F279633AA00D47077 /* SingUpPresenter.swift */; };
		750746DB276F033500597005 /* ModuleBuilder.swift in Sources */ = {isa = PBXBuildFile; fileRef = 750746DA276F033500597005 /* ModuleBuilder.swift */; };
		750746DD276F039500597005 /* Router.swift in Sources */ = {isa = PBXBuildFile; fileRef = 750746DC276F039500597005 /* Router.swift */; };
		750746DF276F05FD00597005 /* MainPresenter.swift in Sources */ = {isa = PBXBuildFile; fileRef = 750746DE276F05FD00597005 /* MainPresenter.swift */; };
		750746E4276F0EA100597005 /* SingleGameUsersViewController.swift in Sources */ = {isa = PBXBuildFile; fileRef = 750746E2276F0EA100597005 /* SingleGameUsersViewController.swift */; };
		750746E5276F0EA100597005 /* SingleGameUsersViewController.xib in Resources */ = {isa = PBXBuildFile; fileRef = 750746E3276F0EA100597005 /* SingleGameUsersViewController.xib */; };
		750746E8276F104D00597005 /* SingleGamesUsersPresenter.swift in Sources */ = {isa = PBXBuildFile; fileRef = 750746E7276F104D00597005 /* SingleGamesUsersPresenter.swift */; };
		750746ED276F128500597005 /* UIViewControllerExtension.swift in Sources */ = {isa = PBXBuildFile; fileRef = 750746EC276F128500597005 /* UIViewControllerExtension.swift */; };
		75189779277000C200B666F2 /* FilledButton.swift in Sources */ = {isa = PBXBuildFile; fileRef = 75189778277000C200B666F2 /* FilledButton.swift */; };
		7518977C2770351500B666F2 /* ListOfGamesViewController.swift in Sources */ = {isa = PBXBuildFile; fileRef = 7518977B2770351500B666F2 /* ListOfGamesViewController.swift */; };
		7518977F2770355B00B666F2 /* ListOfGamesPresenter.swift in Sources */ = {isa = PBXBuildFile; fileRef = 7518977E2770355B00B666F2 /* ListOfGamesPresenter.swift */; };
		7518978127703B2300B666F2 /* ListOfGamesViewController.xib in Resources */ = {isa = PBXBuildFile; fileRef = 7518978027703B2300B666F2 /* ListOfGamesViewController.xib */; };
		7518978627704AFB00B666F2 /* GameViewController.swift in Sources */ = {isa = PBXBuildFile; fileRef = 7518978427704AFB00B666F2 /* GameViewController.swift */; };
		7518978727704AFB00B666F2 /* GameViewController.xib in Resources */ = {isa = PBXBuildFile; fileRef = 7518978527704AFB00B666F2 /* GameViewController.xib */; };
		7518978A27704B3900B666F2 /* GamePresenter.swift in Sources */ = {isa = PBXBuildFile; fileRef = 7518978927704B3900B666F2 /* GamePresenter.swift */; };
		7518979027704DEB00B666F2 /* TheBottleGameViewController.swift in Sources */ = {isa = PBXBuildFile; fileRef = 7518978E27704DEB00B666F2 /* TheBottleGameViewController.swift */; };
		7518979127704DEB00B666F2 /* TheBottleGameViewController.xib in Resources */ = {isa = PBXBuildFile; fileRef = 7518978F27704DEB00B666F2 /* TheBottleGameViewController.xib */; };
		75189798277074A900B666F2 /* GameCollectionView.swift in Sources */ = {isa = PBXBuildFile; fileRef = 75189797277074A900B666F2 /* GameCollectionView.swift */; };
		7526AF892797035A0080E693 /* NetworkGameMainPageViewController.xib in Resources */ = {isa = PBXBuildFile; fileRef = 7526AF882797035A0080E693 /* NetworkGameMainPageViewController.xib */; };
		7526AF8B27970ACD0080E693 /* SelectAvatarView.swift in Sources */ = {isa = PBXBuildFile; fileRef = 7526AF8A27970ACD0080E693 /* SelectAvatarView.swift */; };
		7526AF8E27971A8F0080E693 /* SignUpUserModel.swift in Sources */ = {isa = PBXBuildFile; fileRef = 7526AF8D27971A8E0080E693 /* SignUpUserModel.swift */; };
		7526AF91279742D70080E693 /* UserSearchView.swift in Sources */ = {isa = PBXBuildFile; fileRef = 7526AF90279742D60080E693 /* UserSearchView.swift */; };
		752ECF2E276F1FF9007BE008 /* SingleGameUsersCoreData.xcdatamodeld in Sources */ = {isa = PBXBuildFile; fileRef = 752ECF2C276F1FF9007BE008 /* SingleGameUsersCoreData.xcdatamodeld */; };
		752ECF30276F2910007BE008 /* CoreData.swift in Sources */ = {isa = PBXBuildFile; fileRef = 752ECF2F276F2910007BE008 /* CoreData.swift */; };
		755889212772F53D0063BF16 /* PlayersGameModel.swift in Sources */ = {isa = PBXBuildFile; fileRef = 755889202772F53D0063BF16 /* PlayersGameModel.swift */; };
		755889252772F8C20063BF16 /* GameProtocol.swift in Sources */ = {isa = PBXBuildFile; fileRef = 755889242772F8C20063BF16 /* GameProtocol.swift */; };
		7560F0A62774355B0087582F /* GameScene.sks in Resources */ = {isa = PBXBuildFile; fileRef = 7560F0A52774355B0087582F /* GameScene.sks */; };
		756704812778E79E008F4126 /* Klasik Regular.otf in Resources */ = {isa = PBXBuildFile; fileRef = 756704802778E79D008F4126 /* Klasik Regular.otf */; };
		756704882778EAE0008F4126 /* bold.ttf in Resources */ = {isa = PBXBuildFile; fileRef = 756704822778EADF008F4126 /* bold.ttf */; };
		756704892778EAE0008F4126 /* medium.ttf in Resources */ = {isa = PBXBuildFile; fileRef = 756704832778EADF008F4126 /* medium.ttf */; };
		7567048A2778EAE0008F4126 /* regular.ttf in Resources */ = {isa = PBXBuildFile; fileRef = 756704842778EAE0008F4126 /* regular.ttf */; };
		7567048B2778EAE0008F4126 /* light.ttf in Resources */ = {isa = PBXBuildFile; fileRef = 756704852778EAE0008F4126 /* light.ttf */; };
		7567048C2778EAE0008F4126 /* semibold.ttf in Resources */ = {isa = PBXBuildFile; fileRef = 756704862778EAE0008F4126 /* semibold.ttf */; };
		7567048D2778EAE0008F4126 /* thin.ttf in Resources */ = {isa = PBXBuildFile; fileRef = 756704872778EAE0008F4126 /* thin.ttf */; };
		7567048F2778ECCB008F4126 /* UIFontExtension.swift in Sources */ = {isa = PBXBuildFile; fileRef = 7567048E2778ECCB008F4126 /* UIFontExtension.swift */; };
		756704912778F2C3008F4126 /* RegularLabel.swift in Sources */ = {isa = PBXBuildFile; fileRef = 756704902778F2C3008F4126 /* RegularLabel.swift */; };
		756A231327774D2D00A7063C /* PlayersTableViewCell.swift in Sources */ = {isa = PBXBuildFile; fileRef = 756A231127774D2D00A7063C /* PlayersTableViewCell.swift */; };
		756A231427774D2D00A7063C /* PlayersTableViewCell.xib in Resources */ = {isa = PBXBuildFile; fileRef = 756A231227774D2D00A7063C /* PlayersTableViewCell.xib */; };
		756A23172777531600A7063C /* CreateSingleGameUserView.swift in Sources */ = {isa = PBXBuildFile; fileRef = 756A23162777531500A7063C /* CreateSingleGameUserView.swift */; };
		756A2319277755A900A7063C /* Insets.swift in Sources */ = {isa = PBXBuildFile; fileRef = 756A2318277755A900A7063C /* Insets.swift */; };
		756A231B2777591E00A7063C /* RegularTextField.swift in Sources */ = {isa = PBXBuildFile; fileRef = 756A231A2777591D00A7063C /* RegularTextField.swift */; };
		756A23202777609800A7063C /* Avatars.swift in Sources */ = {isa = PBXBuildFile; fileRef = 756A231F2777609800A7063C /* Avatars.swift */; };
		756A23222777617A00A7063C /* AvatarsCollectionView.swift in Sources */ = {isa = PBXBuildFile; fileRef = 756A23212777617A00A7063C /* AvatarsCollectionView.swift */; };
		75716890277A0F73007E7FEF /* RandomNumberViewController.swift in Sources */ = {isa = PBXBuildFile; fileRef = 7571688E277A0F73007E7FEF /* RandomNumberViewController.swift */; };
		75716891277A0F73007E7FEF /* RandomNumberViewController.xib in Resources */ = {isa = PBXBuildFile; fileRef = 7571688F277A0F73007E7FEF /* RandomNumberViewController.xib */; };
		7589A6E9279AE18F00EF5035 /* Dynamic.swift in Sources */ = {isa = PBXBuildFile; fileRef = 7589A6E8279AE18F00EF5035 /* Dynamic.swift */; };
		7589A6EC279B21A900EF5035 /* ContextMenu.swift in Sources */ = {isa = PBXBuildFile; fileRef = 7589A6EB279B21A900EF5035 /* ContextMenu.swift */; };
		7589A6F1279B305200EF5035 /* ContextTableViewCell.swift in Sources */ = {isa = PBXBuildFile; fileRef = 7589A6EF279B305200EF5035 /* ContextTableViewCell.swift */; };
		7589A6F2279B305200EF5035 /* ContextTableViewCell.xib in Resources */ = {isa = PBXBuildFile; fileRef = 7589A6F0279B305200EF5035 /* ContextTableViewCell.xib */; };
		7589A6F6279B316700EF5035 /* ContextDataModel.swift in Sources */ = {isa = PBXBuildFile; fileRef = 7589A6F5279B316700EF5035 /* ContextDataModel.swift */; };
		7589A6F8279B379100EF5035 /* ContextTableView.swift in Sources */ = {isa = PBXBuildFile; fileRef = 7589A6F7279B379100EF5035 /* ContextTableView.swift */; };
		7589A6FA279B652B00EF5035 /* FriendModel.swift in Sources */ = {isa = PBXBuildFile; fileRef = 7589A6F9279B652B00EF5035 /* FriendModel.swift */; };
		759590202795FFD30017D86E /* Lottie in Frameworks */ = {isa = PBXBuildFile; productRef = 7595901F2795FFD30017D86E /* Lottie */; };
		75959025279612C90017D86E /* NetworkGameMainPageViewController.swift in Sources */ = {isa = PBXBuildFile; fileRef = 75959024279612C90017D86E /* NetworkGameMainPageViewController.swift */; };
		75959028279613100017D86E /* NetworkGameMainPagePresenter.swift in Sources */ = {isa = PBXBuildFile; fileRef = 75959027279613100017D86E /* NetworkGameMainPagePresenter.swift */; };
		7595902B279613E30017D86E /* LoginViewController.swift in Sources */ = {isa = PBXBuildFile; fileRef = 7595902A279613E30017D86E /* LoginViewController.swift */; };
		7595902D279614040017D86E /* LoginPresenter.swift in Sources */ = {isa = PBXBuildFile; fileRef = 7595902C279614040017D86E /* LoginPresenter.swift */; };
		75959034279618650017D86E /* LoginViewController.xib in Resources */ = {isa = PBXBuildFile; fileRef = 75959033279618650017D86E /* LoginViewController.xib */; };
		759A0030277105EF005C3C3E /* GameScene.swift in Sources */ = {isa = PBXBuildFile; fileRef = 759A002F277105EF005C3C3E /* GameScene.swift */; };
		75AFDA5227785369000A03BD /* UIViewExtension.swift in Sources */ = {isa = PBXBuildFile; fileRef = 75AFDA5127785369000A03BD /* UIViewExtension.swift */; };
		75AFDA5527787A08000A03BD /* CircleButton.swift in Sources */ = {isa = PBXBuildFile; fileRef = 75AFDA5427787A08000A03BD /* CircleButton.swift */; };
		75AFDA572778AD5E000A03BD /* UIImageViewExtension.swift in Sources */ = {isa = PBXBuildFile; fileRef = 75AFDA562778AD5E000A03BD /* UIImageViewExtension.swift */; };
		75B9BB2E279CC62900F496A5 /* NetworkUsersTableView.swift in Sources */ = {isa = PBXBuildFile; fileRef = 75B9BB2D279CC62900F496A5 /* NetworkUsersTableView.swift */; };
		75B9BB31279CC73000F496A5 /* NetworkUsersTableViewCell.swift in Sources */ = {isa = PBXBuildFile; fileRef = 75B9BB2F279CC73000F496A5 /* NetworkUsersTableViewCell.swift */; };
		75B9BB32279CC73000F496A5 /* NetworkUsersTableViewCell.xib in Resources */ = {isa = PBXBuildFile; fileRef = 75B9BB30279CC73000F496A5 /* NetworkUsersTableViewCell.xib */; };
		75BB1049279D1367008F6082 /* RxCocoa in Frameworks */ = {isa = PBXBuildFile; productRef = 75BB1048279D1367008F6082 /* RxCocoa */; };
		75BB104B279D1367008F6082 /* RxSwift in Frameworks */ = {isa = PBXBuildFile; productRef = 75BB104A279D1367008F6082 /* RxSwift */; };
		75C90DF427975A9D0060A471 /* FirebaseFirestore in Frameworks */ = {isa = PBXBuildFile; productRef = 75C90DF327975A9D0060A471 /* FirebaseFirestore */; };
		75D46AE12796249B009B226F /* FirebaseAnalytics in Frameworks */ = {isa = PBXBuildFile; productRef = 75D46AE02796249B009B226F /* FirebaseAnalytics */; };
		75D46AE32796249B009B226F /* FirebaseAuth in Frameworks */ = {isa = PBXBuildFile; productRef = 75D46AE22796249B009B226F /* FirebaseAuth */; };
		75D46AE52796249B009B226F /* FirebaseDatabase in Frameworks */ = {isa = PBXBuildFile; productRef = 75D46AE42796249B009B226F /* FirebaseDatabase */; };
		75D46AE72796249B009B226F /* FirebaseMessaging in Frameworks */ = {isa = PBXBuildFile; productRef = 75D46AE62796249B009B226F /* FirebaseMessaging */; };
		75D46AE92796249B009B226F /* FirebaseStorage in Frameworks */ = {isa = PBXBuildFile; productRef = 75D46AE82796249B009B226F /* FirebaseStorage */; };
		75D46AEF279626B9009B226F /* GoogleService-Info.plist in Resources */ = {isa = PBXBuildFile; fileRef = 75D46AEE279626B9009B226F /* GoogleService-Info.plist */; };
		75E1105F27986D1F009C5AC5 /* MessageKit in Frameworks */ = {isa = PBXBuildFile; productRef = 75E1105E27986D1F009C5AC5 /* MessageKit */; };
		75E1106227986D8A009C5AC5 /* PrivateChatViewController.swift in Sources */ = {isa = PBXBuildFile; fileRef = 75E1106127986D8A009C5AC5 /* PrivateChatViewController.swift */; };
		75E1106427986DA0009C5AC5 /* PrivateChatPresenter.swift in Sources */ = {isa = PBXBuildFile; fileRef = 75E1106327986DA0009C5AC5 /* PrivateChatPresenter.swift */; };
		75E1106827988C76009C5AC5 /* PrivateChatMessageModel.swift in Sources */ = {isa = PBXBuildFile; fileRef = 75E1106727988C75009C5AC5 /* PrivateChatMessageModel.swift */; };
		75E1106A2798A93D009C5AC5 /* DateExtension.swift in Sources */ = {isa = PBXBuildFile; fileRef = 75E110692798A93D009C5AC5 /* DateExtension.swift */; };
		75E1106C2798C536009C5AC5 /* MessageKitExtensions.swift in Sources */ = {isa = PBXBuildFile; fileRef = 75E1106B2798C535009C5AC5 /* MessageKitExtensions.swift */; };
		75E1106F2798C840009C5AC5 /* lf30_editor_vxqlcgjk.json in Resources */ = {isa = PBXBuildFile; fileRef = 75E1106E2798C840009C5AC5 /* lf30_editor_vxqlcgjk.json */; };
		75E38F3827770605003CD190 /* UIColorExtension.swift in Sources */ = {isa = PBXBuildFile; fileRef = 75E38F3727770605003CD190 /* UIColorExtension.swift */; };
		75E38F3A277709FB003CD190 /* RegularTableView.swift in Sources */ = {isa = PBXBuildFile; fileRef = 75E38F39277709FB003CD190 /* RegularTableView.swift */; };
		75E38F3C27770EBB003CD190 /* NavigationBarExtension.swift in Sources */ = {isa = PBXBuildFile; fileRef = 75E38F3B27770EBB003CD190 /* NavigationBarExtension.swift */; };
		75E794A7276EF7040088E34D /* AppDelegate.swift in Sources */ = {isa = PBXBuildFile; fileRef = 75E794A6276EF7040088E34D /* AppDelegate.swift */; };
		75E794A9276EF7040088E34D /* SceneDelegate.swift in Sources */ = {isa = PBXBuildFile; fileRef = 75E794A8276EF7040088E34D /* SceneDelegate.swift */; };
		75E794AB276EF7040088E34D /* MainViewController.swift in Sources */ = {isa = PBXBuildFile; fileRef = 75E794AA276EF7040088E34D /* MainViewController.swift */; };
		75E794AE276EF7040088E34D /* Main.storyboard in Resources */ = {isa = PBXBuildFile; fileRef = 75E794AC276EF7040088E34D /* Main.storyboard */; };
		75E794B0276EF70D0088E34D /* Assets.xcassets in Resources */ = {isa = PBXBuildFile; fileRef = 75E794AF276EF70D0088E34D /* Assets.xcassets */; };
		75E794B3276EF70D0088E34D /* LaunchScreen.storyboard in Resources */ = {isa = PBXBuildFile; fileRef = 75E794B1276EF70D0088E34D /* LaunchScreen.storyboard */; };
		75E794BC276F019F0088E34D /* MainViewController.xib in Resources */ = {isa = PBXBuildFile; fileRef = 75E794BB276F019F0088E34D /* MainViewController.xib */; };
		75F08BBB279777420050AE76 /* NetworkUserModel.swift in Sources */ = {isa = PBXBuildFile; fileRef = 75F08BBA279777420050AE76 /* NetworkUserModel.swift */; };
		75F08BBD279782D20050AE76 /* Firebase.swift in Sources */ = {isa = PBXBuildFile; fileRef = 75F08BBC279782D20050AE76 /* Firebase.swift */; };
/* End PBXBuildFile section */

/* Begin PBXFileReference section */
		750459672796328500D47077 /* SingUpViewController.swift */ = {isa = PBXFileReference; lastKnownFileType = sourcecode.swift; path = SingUpViewController.swift; sourceTree = "<group>"; };
		7504596D279632EA00D47077 /* SingUpViewController.xib */ = {isa = PBXFileReference; lastKnownFileType = file.xib; path = SingUpViewController.xib; sourceTree = "<group>"; };
		7504596F279633AA00D47077 /* SingUpPresenter.swift */ = {isa = PBXFileReference; lastKnownFileType = sourcecode.swift; path = SingUpPresenter.swift; sourceTree = "<group>"; };
		750746DA276F033500597005 /* ModuleBuilder.swift */ = {isa = PBXFileReference; lastKnownFileType = sourcecode.swift; path = ModuleBuilder.swift; sourceTree = "<group>"; };
		750746DC276F039500597005 /* Router.swift */ = {isa = PBXFileReference; lastKnownFileType = sourcecode.swift; path = Router.swift; sourceTree = "<group>"; };
		750746DE276F05FD00597005 /* MainPresenter.swift */ = {isa = PBXFileReference; lastKnownFileType = sourcecode.swift; path = MainPresenter.swift; sourceTree = "<group>"; };
		750746E2276F0EA100597005 /* SingleGameUsersViewController.swift */ = {isa = PBXFileReference; lastKnownFileType = sourcecode.swift; path = SingleGameUsersViewController.swift; sourceTree = "<group>"; };
		750746E3276F0EA100597005 /* SingleGameUsersViewController.xib */ = {isa = PBXFileReference; lastKnownFileType = file.xib; path = SingleGameUsersViewController.xib; sourceTree = "<group>"; };
		750746E7276F104D00597005 /* SingleGamesUsersPresenter.swift */ = {isa = PBXFileReference; lastKnownFileType = sourcecode.swift; path = SingleGamesUsersPresenter.swift; sourceTree = "<group>"; };
		750746EC276F128500597005 /* UIViewControllerExtension.swift */ = {isa = PBXFileReference; lastKnownFileType = sourcecode.swift; path = UIViewControllerExtension.swift; sourceTree = "<group>"; };
		75189778277000C200B666F2 /* FilledButton.swift */ = {isa = PBXFileReference; lastKnownFileType = sourcecode.swift; path = FilledButton.swift; sourceTree = "<group>"; };
		7518977B2770351500B666F2 /* ListOfGamesViewController.swift */ = {isa = PBXFileReference; lastKnownFileType = sourcecode.swift; path = ListOfGamesViewController.swift; sourceTree = "<group>"; };
		7518977E2770355B00B666F2 /* ListOfGamesPresenter.swift */ = {isa = PBXFileReference; lastKnownFileType = sourcecode.swift; path = ListOfGamesPresenter.swift; sourceTree = "<group>"; };
		7518978027703B2300B666F2 /* ListOfGamesViewController.xib */ = {isa = PBXFileReference; lastKnownFileType = file.xib; path = ListOfGamesViewController.xib; sourceTree = "<group>"; };
		7518978427704AFB00B666F2 /* GameViewController.swift */ = {isa = PBXFileReference; lastKnownFileType = sourcecode.swift; path = GameViewController.swift; sourceTree = "<group>"; };
		7518978527704AFB00B666F2 /* GameViewController.xib */ = {isa = PBXFileReference; lastKnownFileType = file.xib; path = GameViewController.xib; sourceTree = "<group>"; };
		7518978927704B3900B666F2 /* GamePresenter.swift */ = {isa = PBXFileReference; lastKnownFileType = sourcecode.swift; path = GamePresenter.swift; sourceTree = "<group>"; };
		7518978E27704DEB00B666F2 /* TheBottleGameViewController.swift */ = {isa = PBXFileReference; lastKnownFileType = sourcecode.swift; path = TheBottleGameViewController.swift; sourceTree = "<group>"; };
		7518978F27704DEB00B666F2 /* TheBottleGameViewController.xib */ = {isa = PBXFileReference; lastKnownFileType = file.xib; path = TheBottleGameViewController.xib; sourceTree = "<group>"; };
		75189797277074A900B666F2 /* GameCollectionView.swift */ = {isa = PBXFileReference; lastKnownFileType = sourcecode.swift; path = GameCollectionView.swift; sourceTree = "<group>"; };
		7526AF882797035A0080E693 /* NetworkGameMainPageViewController.xib */ = {isa = PBXFileReference; lastKnownFileType = file.xib; path = NetworkGameMainPageViewController.xib; sourceTree = "<group>"; };
		7526AF8A27970ACD0080E693 /* SelectAvatarView.swift */ = {isa = PBXFileReference; lastKnownFileType = sourcecode.swift; path = SelectAvatarView.swift; sourceTree = "<group>"; };
		7526AF8D27971A8E0080E693 /* SignUpUserModel.swift */ = {isa = PBXFileReference; lastKnownFileType = sourcecode.swift; path = SignUpUserModel.swift; sourceTree = "<group>"; };
		7526AF90279742D60080E693 /* UserSearchView.swift */ = {isa = PBXFileReference; lastKnownFileType = sourcecode.swift; path = UserSearchView.swift; sourceTree = "<group>"; };
		752ECF2D276F1FF9007BE008 /* SingleUserModel.xcdatamodel */ = {isa = PBXFileReference; lastKnownFileType = wrapper.xcdatamodel; path = SingleUserModel.xcdatamodel; sourceTree = "<group>"; };
		752ECF2F276F2910007BE008 /* CoreData.swift */ = {isa = PBXFileReference; lastKnownFileType = sourcecode.swift; path = CoreData.swift; sourceTree = "<group>"; };
		755889202772F53D0063BF16 /* PlayersGameModel.swift */ = {isa = PBXFileReference; lastKnownFileType = sourcecode.swift; path = PlayersGameModel.swift; sourceTree = "<group>"; };
		755889242772F8C20063BF16 /* GameProtocol.swift */ = {isa = PBXFileReference; lastKnownFileType = sourcecode.swift; path = GameProtocol.swift; sourceTree = "<group>"; };
		7560F0A52774355B0087582F /* GameScene.sks */ = {isa = PBXFileReference; lastKnownFileType = file.sks; path = GameScene.sks; sourceTree = "<group>"; };
		756704802778E79D008F4126 /* Klasik Regular.otf */ = {isa = PBXFileReference; lastKnownFileType = file; name = "Klasik Regular.otf"; path = "../../../../../Library/Fonts/Klasik Regular.otf"; sourceTree = "<group>"; };
		756704822778EADF008F4126 /* bold.ttf */ = {isa = PBXFileReference; lastKnownFileType = file; name = bold.ttf; path = ../../../../../Library/Fonts/bold.ttf; sourceTree = "<group>"; };
		756704832778EADF008F4126 /* medium.ttf */ = {isa = PBXFileReference; lastKnownFileType = file; name = medium.ttf; path = ../../../../../Library/Fonts/medium.ttf; sourceTree = "<group>"; };
		756704842778EAE0008F4126 /* regular.ttf */ = {isa = PBXFileReference; lastKnownFileType = file; name = regular.ttf; path = ../../../../../Library/Fonts/regular.ttf; sourceTree = "<group>"; };
		756704852778EAE0008F4126 /* light.ttf */ = {isa = PBXFileReference; lastKnownFileType = file; name = light.ttf; path = ../../../../../Library/Fonts/light.ttf; sourceTree = "<group>"; };
		756704862778EAE0008F4126 /* semibold.ttf */ = {isa = PBXFileReference; lastKnownFileType = file; name = semibold.ttf; path = ../../../../../Library/Fonts/semibold.ttf; sourceTree = "<group>"; };
		756704872778EAE0008F4126 /* thin.ttf */ = {isa = PBXFileReference; lastKnownFileType = file; name = thin.ttf; path = ../../../../../Library/Fonts/thin.ttf; sourceTree = "<group>"; };
		7567048E2778ECCB008F4126 /* UIFontExtension.swift */ = {isa = PBXFileReference; lastKnownFileType = sourcecode.swift; path = UIFontExtension.swift; sourceTree = "<group>"; };
		756704902778F2C3008F4126 /* RegularLabel.swift */ = {isa = PBXFileReference; lastKnownFileType = sourcecode.swift; path = RegularLabel.swift; sourceTree = "<group>"; };
		756A231127774D2D00A7063C /* PlayersTableViewCell.swift */ = {isa = PBXFileReference; lastKnownFileType = sourcecode.swift; path = PlayersTableViewCell.swift; sourceTree = "<group>"; };
		756A231227774D2D00A7063C /* PlayersTableViewCell.xib */ = {isa = PBXFileReference; lastKnownFileType = file.xib; path = PlayersTableViewCell.xib; sourceTree = "<group>"; };
		756A23162777531500A7063C /* CreateSingleGameUserView.swift */ = {isa = PBXFileReference; lastKnownFileType = sourcecode.swift; path = CreateSingleGameUserView.swift; sourceTree = "<group>"; };
		756A2318277755A900A7063C /* Insets.swift */ = {isa = PBXFileReference; lastKnownFileType = sourcecode.swift; path = Insets.swift; sourceTree = "<group>"; };
		756A231A2777591D00A7063C /* RegularTextField.swift */ = {isa = PBXFileReference; lastKnownFileType = sourcecode.swift; path = RegularTextField.swift; sourceTree = "<group>"; };
		756A231F2777609800A7063C /* Avatars.swift */ = {isa = PBXFileReference; lastKnownFileType = sourcecode.swift; path = Avatars.swift; sourceTree = "<group>"; };
		756A23212777617A00A7063C /* AvatarsCollectionView.swift */ = {isa = PBXFileReference; lastKnownFileType = sourcecode.swift; path = AvatarsCollectionView.swift; sourceTree = "<group>"; };
		7571688E277A0F73007E7FEF /* RandomNumberViewController.swift */ = {isa = PBXFileReference; lastKnownFileType = sourcecode.swift; path = RandomNumberViewController.swift; sourceTree = "<group>"; };
		7571688F277A0F73007E7FEF /* RandomNumberViewController.xib */ = {isa = PBXFileReference; lastKnownFileType = file.xib; path = RandomNumberViewController.xib; sourceTree = "<group>"; };
		7589A6E8279AE18F00EF5035 /* Dynamic.swift */ = {isa = PBXFileReference; lastKnownFileType = sourcecode.swift; path = Dynamic.swift; sourceTree = "<group>"; };
		7589A6EB279B21A900EF5035 /* ContextMenu.swift */ = {isa = PBXFileReference; lastKnownFileType = sourcecode.swift; path = ContextMenu.swift; sourceTree = "<group>"; };
		7589A6EF279B305200EF5035 /* ContextTableViewCell.swift */ = {isa = PBXFileReference; lastKnownFileType = sourcecode.swift; path = ContextTableViewCell.swift; sourceTree = "<group>"; };
		7589A6F0279B305200EF5035 /* ContextTableViewCell.xib */ = {isa = PBXFileReference; lastKnownFileType = file.xib; path = ContextTableViewCell.xib; sourceTree = "<group>"; };
		7589A6F5279B316700EF5035 /* ContextDataModel.swift */ = {isa = PBXFileReference; lastKnownFileType = sourcecode.swift; path = ContextDataModel.swift; sourceTree = "<group>"; };
		7589A6F7279B379100EF5035 /* ContextTableView.swift */ = {isa = PBXFileReference; lastKnownFileType = sourcecode.swift; path = ContextTableView.swift; sourceTree = "<group>"; };
		7589A6F9279B652B00EF5035 /* FriendModel.swift */ = {isa = PBXFileReference; lastKnownFileType = sourcecode.swift; path = FriendModel.swift; sourceTree = "<group>"; };
		75959024279612C90017D86E /* NetworkGameMainPageViewController.swift */ = {isa = PBXFileReference; lastKnownFileType = sourcecode.swift; path = NetworkGameMainPageViewController.swift; sourceTree = "<group>"; };
		75959027279613100017D86E /* NetworkGameMainPagePresenter.swift */ = {isa = PBXFileReference; lastKnownFileType = sourcecode.swift; path = NetworkGameMainPagePresenter.swift; sourceTree = "<group>"; };
		7595902A279613E30017D86E /* LoginViewController.swift */ = {isa = PBXFileReference; lastKnownFileType = sourcecode.swift; path = LoginViewController.swift; sourceTree = "<group>"; };
		7595902C279614040017D86E /* LoginPresenter.swift */ = {isa = PBXFileReference; lastKnownFileType = sourcecode.swift; path = LoginPresenter.swift; sourceTree = "<group>"; };
		75959033279618650017D86E /* LoginViewController.xib */ = {isa = PBXFileReference; lastKnownFileType = file.xib; path = LoginViewController.xib; sourceTree = "<group>"; };
		759A002F277105EF005C3C3E /* GameScene.swift */ = {isa = PBXFileReference; lastKnownFileType = sourcecode.swift; path = GameScene.swift; sourceTree = "<group>"; };
		75AFDA5127785369000A03BD /* UIViewExtension.swift */ = {isa = PBXFileReference; lastKnownFileType = sourcecode.swift; path = UIViewExtension.swift; sourceTree = "<group>"; };
		75AFDA5427787A08000A03BD /* CircleButton.swift */ = {isa = PBXFileReference; lastKnownFileType = sourcecode.swift; path = CircleButton.swift; sourceTree = "<group>"; };
		75AFDA562778AD5E000A03BD /* UIImageViewExtension.swift */ = {isa = PBXFileReference; lastKnownFileType = sourcecode.swift; path = UIImageViewExtension.swift; sourceTree = "<group>"; };
		75B9BB2D279CC62900F496A5 /* NetworkUsersTableView.swift */ = {isa = PBXFileReference; lastKnownFileType = sourcecode.swift; path = NetworkUsersTableView.swift; sourceTree = "<group>"; };
		75B9BB2F279CC73000F496A5 /* NetworkUsersTableViewCell.swift */ = {isa = PBXFileReference; lastKnownFileType = sourcecode.swift; path = NetworkUsersTableViewCell.swift; sourceTree = "<group>"; };
		75B9BB30279CC73000F496A5 /* NetworkUsersTableViewCell.xib */ = {isa = PBXFileReference; lastKnownFileType = file.xib; path = NetworkUsersTableViewCell.xib; sourceTree = "<group>"; };
		75D46AEE279626B9009B226F /* GoogleService-Info.plist */ = {isa = PBXFileReference; fileEncoding = 4; lastKnownFileType = text.plist.xml; path = "GoogleService-Info.plist"; sourceTree = "<group>"; };
		75E1106127986D8A009C5AC5 /* PrivateChatViewController.swift */ = {isa = PBXFileReference; lastKnownFileType = sourcecode.swift; path = PrivateChatViewController.swift; sourceTree = "<group>"; };
		75E1106327986DA0009C5AC5 /* PrivateChatPresenter.swift */ = {isa = PBXFileReference; lastKnownFileType = sourcecode.swift; path = PrivateChatPresenter.swift; sourceTree = "<group>"; };
		75E1106727988C75009C5AC5 /* PrivateChatMessageModel.swift */ = {isa = PBXFileReference; lastKnownFileType = sourcecode.swift; path = PrivateChatMessageModel.swift; sourceTree = "<group>"; };
		75E110692798A93D009C5AC5 /* DateExtension.swift */ = {isa = PBXFileReference; lastKnownFileType = sourcecode.swift; path = DateExtension.swift; sourceTree = "<group>"; };
		75E1106B2798C535009C5AC5 /* MessageKitExtensions.swift */ = {isa = PBXFileReference; lastKnownFileType = sourcecode.swift; path = MessageKitExtensions.swift; sourceTree = "<group>"; };
		75E1106E2798C840009C5AC5 /* lf30_editor_vxqlcgjk.json */ = {isa = PBXFileReference; fileEncoding = 4; lastKnownFileType = text.json; name = lf30_editor_vxqlcgjk.json; path = ../../../../../Downloads/lf30_editor_vxqlcgjk.json; sourceTree = "<group>"; };
		75E38F3727770605003CD190 /* UIColorExtension.swift */ = {isa = PBXFileReference; lastKnownFileType = sourcecode.swift; path = UIColorExtension.swift; sourceTree = "<group>"; };
		75E38F39277709FB003CD190 /* RegularTableView.swift */ = {isa = PBXFileReference; lastKnownFileType = sourcecode.swift; path = RegularTableView.swift; sourceTree = "<group>"; };
		75E38F3B27770EBB003CD190 /* NavigationBarExtension.swift */ = {isa = PBXFileReference; lastKnownFileType = sourcecode.swift; path = NavigationBarExtension.swift; sourceTree = "<group>"; };
		75E794A3276EF7040088E34D /* MiniGames.app */ = {isa = PBXFileReference; explicitFileType = wrapper.application; includeInIndex = 0; path = MiniGames.app; sourceTree = BUILT_PRODUCTS_DIR; };
		75E794A6276EF7040088E34D /* AppDelegate.swift */ = {isa = PBXFileReference; lastKnownFileType = sourcecode.swift; path = AppDelegate.swift; sourceTree = "<group>"; };
		75E794A8276EF7040088E34D /* SceneDelegate.swift */ = {isa = PBXFileReference; lastKnownFileType = sourcecode.swift; path = SceneDelegate.swift; sourceTree = "<group>"; };
		75E794AA276EF7040088E34D /* MainViewController.swift */ = {isa = PBXFileReference; lastKnownFileType = sourcecode.swift; path = MainViewController.swift; sourceTree = "<group>"; };
		75E794AD276EF7040088E34D /* Base */ = {isa = PBXFileReference; lastKnownFileType = file.storyboard; name = Base; path = Base.lproj/Main.storyboard; sourceTree = "<group>"; };
		75E794AF276EF70D0088E34D /* Assets.xcassets */ = {isa = PBXFileReference; lastKnownFileType = folder.assetcatalog; path = Assets.xcassets; sourceTree = "<group>"; };
		75E794B2276EF70D0088E34D /* Base */ = {isa = PBXFileReference; lastKnownFileType = file.storyboard; name = Base; path = Base.lproj/LaunchScreen.storyboard; sourceTree = "<group>"; };
		75E794B4276EF70D0088E34D /* Info.plist */ = {isa = PBXFileReference; lastKnownFileType = text.plist.xml; path = Info.plist; sourceTree = "<group>"; };
		75E794BB276F019F0088E34D /* MainViewController.xib */ = {isa = PBXFileReference; lastKnownFileType = file.xib; path = MainViewController.xib; sourceTree = "<group>"; };
		75F08BBA279777420050AE76 /* NetworkUserModel.swift */ = {isa = PBXFileReference; lastKnownFileType = sourcecode.swift; path = NetworkUserModel.swift; sourceTree = "<group>"; };
		75F08BBC279782D20050AE76 /* Firebase.swift */ = {isa = PBXFileReference; lastKnownFileType = sourcecode.swift; path = Firebase.swift; sourceTree = "<group>"; };
/* End PBXFileReference section */

/* Begin PBXFrameworksBuildPhase section */
		75E794A0276EF7040088E34D /* Frameworks */ = {
			isa = PBXFrameworksBuildPhase;
			buildActionMask = 2147483647;
			files = (
				75BB1049279D1367008F6082 /* RxCocoa in Frameworks */,
				75D46AE12796249B009B226F /* FirebaseAnalytics in Frameworks */,
				75BB104B279D1367008F6082 /* RxSwift in Frameworks */,
				75D46AE32796249B009B226F /* FirebaseAuth in Frameworks */,
				75D46AE72796249B009B226F /* FirebaseMessaging in Frameworks */,
				75D46AE52796249B009B226F /* FirebaseDatabase in Frameworks */,
				759590202795FFD30017D86E /* Lottie in Frameworks */,
				75D46AE92796249B009B226F /* FirebaseStorage in Frameworks */,
				75C90DF427975A9D0060A471 /* FirebaseFirestore in Frameworks */,
				75E1105F27986D1F009C5AC5 /* MessageKit in Frameworks */,
			);
			runOnlyForDeploymentPostprocessing = 0;
		};
/* End PBXFrameworksBuildPhase section */

/* Begin PBXGroup section */
		75045969279632A200D47077 /* Authentication */ = {
			isa = PBXGroup;
			children = (
				7504596A279632BF00D47077 /* SingUpModule */,
				7595902E279614090017D86E /* LoginModule */,
			);
			path = Authentication;
			sourceTree = "<group>";
		};
		7504596A279632BF00D47077 /* SingUpModule */ = {
			isa = PBXGroup;
			children = (
				7504596C279632CF00D47077 /* Presenter */,
				7526AF8F27971A960080E693 /* Model */,
				7504596B279632C900D47077 /* View */,
			);
			path = SingUpModule;
			sourceTree = "<group>";
		};
		7504596B279632C900D47077 /* View */ = {
			isa = PBXGroup;
			children = (
				750459672796328500D47077 /* SingUpViewController.swift */,
				7504596D279632EA00D47077 /* SingUpViewController.xib */,
				7526AF8C27970AD10080E693 /* SelectAvatarView */,
			);
			path = View;
			sourceTree = "<group>";
		};
		7504596C279632CF00D47077 /* Presenter */ = {
			isa = PBXGroup;
			children = (
				7504596F279633AA00D47077 /* SingUpPresenter.swift */,
			);
			path = Presenter;
			sourceTree = "<group>";
		};
		750746E0276F060300597005 /* Presenter */ = {
			isa = PBXGroup;
			children = (
				750746DE276F05FD00597005 /* MainPresenter.swift */,
			);
			path = Presenter;
			sourceTree = "<group>";
		};
		750746E1276F060F00597005 /* View */ = {
			isa = PBXGroup;
			children = (
				75E794AA276EF7040088E34D /* MainViewController.swift */,
				75E794BB276F019F0088E34D /* MainViewController.xib */,
			);
			path = View;
			sourceTree = "<group>";
		};
		750746E6276F0EA600597005 /* SingleGameUsersModule */ = {
			isa = PBXGroup;
			children = (
				750746E9276F105000597005 /* Presenter */,
				750746F0276F13C500597005 /* Model */,
				750746EA276F117D00597005 /* View */,
			);
			path = SingleGameUsersModule;
			sourceTree = "<group>";
		};
		750746E9276F105000597005 /* Presenter */ = {
			isa = PBXGroup;
			children = (
				750746E7276F104D00597005 /* SingleGamesUsersPresenter.swift */,
			);
			path = Presenter;
			sourceTree = "<group>";
		};
		750746EA276F117D00597005 /* View */ = {
			isa = PBXGroup;
			children = (
				750746E2276F0EA100597005 /* SingleGameUsersViewController.swift */,
				750746E3276F0EA100597005 /* SingleGameUsersViewController.xib */,
				756A231C2777603D00A7063C /* CreateSingleGameUser */,
			);
			path = View;
			sourceTree = "<group>";
		};
		750746EB276F127500597005 /* Extensions */ = {
			isa = PBXGroup;
			children = (
				750746EC276F128500597005 /* UIViewControllerExtension.swift */,
				75E110692798A93D009C5AC5 /* DateExtension.swift */,
				75E38F3727770605003CD190 /* UIColorExtension.swift */,
				75E38F3B27770EBB003CD190 /* NavigationBarExtension.swift */,
				75AFDA5127785369000A03BD /* UIViewExtension.swift */,
				75AFDA562778AD5E000A03BD /* UIImageViewExtension.swift */,
				7567048E2778ECCB008F4126 /* UIFontExtension.swift */,
			);
			path = Extensions;
			sourceTree = "<group>";
		};
		750746F0276F13C500597005 /* Model */ = {
			isa = PBXGroup;
			children = (
				752ECF2C276F1FF9007BE008 /* SingleGameUsersCoreData.xcdatamodeld */,
			);
			path = Model;
			sourceTree = "<group>";
		};
		7518977A277000CE00B666F2 /* UI */ = {
			isa = PBXGroup;
			children = (
				75E1106D2798C82F009C5AC5 /* Lottie */,
				756A2318277755A900A7063C /* Insets.swift */,
				756A231A2777591D00A7063C /* RegularTextField.swift */,
				756704902778F2C3008F4126 /* RegularLabel.swift */,
				75AFDA53277879D8000A03BD /* Buttons */,
				756A230F27774CFE00A7063C /* TableView */,
				756A23232777617D00A7063C /* CollectionView */,
			);
			path = UI;
			sourceTree = "<group>";
		};
		7518977D2770352400B666F2 /* ListOfGamesMule */ = {
			isa = PBXGroup;
			children = (
				75189783277045DC00B666F2 /* Presenter */,
				75189782277045D300B666F2 /* View */,
			);
			path = ListOfGamesMule;
			sourceTree = "<group>";
		};
		75189782277045D300B666F2 /* View */ = {
			isa = PBXGroup;
			children = (
				7518977B2770351500B666F2 /* ListOfGamesViewController.swift */,
				7518978027703B2300B666F2 /* ListOfGamesViewController.xib */,
			);
			path = View;
			sourceTree = "<group>";
		};
		75189783277045DC00B666F2 /* Presenter */ = {
			isa = PBXGroup;
			children = (
				7518977E2770355B00B666F2 /* ListOfGamesPresenter.swift */,
			);
			path = Presenter;
			sourceTree = "<group>";
		};
		7518978827704B0D00B666F2 /* GameModule */ = {
			isa = PBXGroup;
			children = (
				7518978B27704B7D00B666F2 /* Presenter */,
				755889222772F5440063BF16 /* Model */,
				7518978C27704BAD00B666F2 /* View */,
			);
			path = GameModule;
			sourceTree = "<group>";
		};
		7518978B27704B7D00B666F2 /* Presenter */ = {
			isa = PBXGroup;
			children = (
				7518978927704B3900B666F2 /* GamePresenter.swift */,
			);
			path = Presenter;
			sourceTree = "<group>";
		};
		7518978C27704BAD00B666F2 /* View */ = {
			isa = PBXGroup;
			children = (
				7518978427704AFB00B666F2 /* GameViewController.swift */,
				7518978527704AFB00B666F2 /* GameViewController.xib */,
				75189799277074AC00B666F2 /* CollectionView */,
			);
			path = View;
			sourceTree = "<group>";
		};
		7518978D27704DAA00B666F2 /* Games */ = {
			isa = PBXGroup;
			children = (
				755889242772F8C20063BF16 /* GameProtocol.swift */,
				7518979227704E1000B666F2 /* TheBottleGame */,
				7571688D277A0F4C007E7FEF /* RandomNumber */,
			);
			path = Games;
			sourceTree = "<group>";
		};
		7518979227704E1000B666F2 /* TheBottleGame */ = {
			isa = PBXGroup;
			children = (
				7518979627704E3700B666F2 /* View */,
			);
			path = TheBottleGame;
			sourceTree = "<group>";
		};
		7518979627704E3700B666F2 /* View */ = {
			isa = PBXGroup;
			children = (
				755889232772F5CB0063BF16 /* GameScene */,
				7518978E27704DEB00B666F2 /* TheBottleGameViewController.swift */,
				7518978F27704DEB00B666F2 /* TheBottleGameViewController.xib */,
			);
			path = View;
			sourceTree = "<group>";
		};
		75189799277074AC00B666F2 /* CollectionView */ = {
			isa = PBXGroup;
			children = (
				75189797277074A900B666F2 /* GameCollectionView.swift */,
			);
			path = CollectionView;
			sourceTree = "<group>";
		};
		7526AF8C27970AD10080E693 /* SelectAvatarView */ = {
			isa = PBXGroup;
			children = (
				7526AF8A27970ACD0080E693 /* SelectAvatarView.swift */,
			);
			path = SelectAvatarView;
			sourceTree = "<group>";
		};
		7526AF8F27971A960080E693 /* Model */ = {
			isa = PBXGroup;
			children = (
				7526AF8D27971A8E0080E693 /* SignUpUserModel.swift */,
			);
			path = Model;
			sourceTree = "<group>";
		};
		7526AF92279742DB0080E693 /* UserSearch */ = {
			isa = PBXGroup;
			children = (
				7526AF90279742D60080E693 /* UserSearchView.swift */,
				7589A6F9279B652B00EF5035 /* FriendModel.swift */,
			);
			path = UserSearch;
			sourceTree = "<group>";
		};
		752ECF31276F2BA9007BE008 /* Application */ = {
			isa = PBXGroup;
			children = (
				7567047F2778E6CC008F4126 /* Fonts */,
				75E794A6276EF7040088E34D /* AppDelegate.swift */,
				75E794A8276EF7040088E34D /* SceneDelegate.swift */,
				752ECF33276F2BC4007BE008 /* InterfaceCreator */,
				752ECF32276F2BB9007BE008 /* Storage */,
			);
			path = Application;
			sourceTree = "<group>";
		};
		752ECF32276F2BB9007BE008 /* Storage */ = {
			isa = PBXGroup;
			children = (
				756A231F2777609800A7063C /* Avatars.swift */,
				752ECF2F276F2910007BE008 /* CoreData.swift */,
				75F08BBC279782D20050AE76 /* Firebase.swift */,
			);
			path = Storage;
			sourceTree = "<group>";
		};
		752ECF33276F2BC4007BE008 /* InterfaceCreator */ = {
			isa = PBXGroup;
			children = (
				750746DA276F033500597005 /* ModuleBuilder.swift */,
				750746DC276F039500597005 /* Router.swift */,
			);
			path = InterfaceCreator;
			sourceTree = "<group>";
		};
		755889222772F5440063BF16 /* Model */ = {
			isa = PBXGroup;
			children = (
				755889202772F53D0063BF16 /* PlayersGameModel.swift */,
			);
			path = Model;
			sourceTree = "<group>";
		};
		755889232772F5CB0063BF16 /* GameScene */ = {
			isa = PBXGroup;
			children = (
				759A002F277105EF005C3C3E /* GameScene.swift */,
				7560F0A52774355B0087582F /* GameScene.sks */,
			);
			path = GameScene;
			sourceTree = "<group>";
		};
		7567047F2778E6CC008F4126 /* Fonts */ = {
			isa = PBXGroup;
			children = (
				756704872778EAE0008F4126 /* thin.ttf */,
				756704852778EAE0008F4126 /* light.ttf */,
				756704842778EAE0008F4126 /* regular.ttf */,
				756704832778EADF008F4126 /* medium.ttf */,
				756704862778EAE0008F4126 /* semibold.ttf */,
				756704822778EADF008F4126 /* bold.ttf */,
				756704802778E79D008F4126 /* Klasik Regular.otf */,
			);
			path = Fonts;
			sourceTree = "<group>";
		};
		756A230F27774CFE00A7063C /* TableView */ = {
			isa = PBXGroup;
			children = (
				75B9BB2C279CC60300F496A5 /* NetworkUsers */,
				756A231027774D0E00A7063C /* Regular */,
			);
			path = TableView;
			sourceTree = "<group>";
		};
		756A231027774D0E00A7063C /* Regular */ = {
			isa = PBXGroup;
			children = (
				75E38F39277709FB003CD190 /* RegularTableView.swift */,
				7589A6F7279B379100EF5035 /* ContextTableView.swift */,
				756A231527774D4300A7063C /* Cell */,
			);
			path = Regular;
			sourceTree = "<group>";
		};
		756A231527774D4300A7063C /* Cell */ = {
			isa = PBXGroup;
			children = (
				7589A6F3279B305900EF5035 /* Context */,
				7589A6F4279B306300EF5035 /* Players */,
			);
			path = Cell;
			sourceTree = "<group>";
		};
		756A231C2777603D00A7063C /* CreateSingleGameUser */ = {
			isa = PBXGroup;
			children = (
				756A231D2777607B00A7063C /* View */,
			);
			path = CreateSingleGameUser;
			sourceTree = "<group>";
		};
		756A231D2777607B00A7063C /* View */ = {
			isa = PBXGroup;
			children = (
				756A23162777531500A7063C /* CreateSingleGameUserView.swift */,
			);
			path = View;
			sourceTree = "<group>";
		};
		756A23232777617D00A7063C /* CollectionView */ = {
			isa = PBXGroup;
			children = (
				756A23242777618500A7063C /* AvatarsCollectionView */,
			);
			path = CollectionView;
			sourceTree = "<group>";
		};
		756A23242777618500A7063C /* AvatarsCollectionView */ = {
			isa = PBXGroup;
			children = (
				756A23212777617A00A7063C /* AvatarsCollectionView.swift */,
			);
			path = AvatarsCollectionView;
			sourceTree = "<group>";
		};
		7571688D277A0F4C007E7FEF /* RandomNumber */ = {
			isa = PBXGroup;
			children = (
				75716892277A1011007E7FEF /* Controller */,
			);
			path = RandomNumber;
			sourceTree = "<group>";
		};
		75716892277A1011007E7FEF /* Controller */ = {
			isa = PBXGroup;
			children = (
				7571688E277A0F73007E7FEF /* RandomNumberViewController.swift */,
				7571688F277A0F73007E7FEF /* RandomNumberViewController.xib */,
			);
			path = Controller;
			sourceTree = "<group>";
		};
		7589A6E7279AE17600EF5035 /* Bindings */ = {
			isa = PBXGroup;
			children = (
				7589A6E8279AE18F00EF5035 /* Dynamic.swift */,
			);
			path = Bindings;
			sourceTree = "<group>";
		};
		7589A6EA279B219300EF5035 /* ContextMenu */ = {
			isa = PBXGroup;
			children = (
				7589A6EB279B21A900EF5035 /* ContextMenu.swift */,
				7589A6F5279B316700EF5035 /* ContextDataModel.swift */,
			);
			path = ContextMenu;
			sourceTree = "<group>";
		};
		7589A6F3279B305900EF5035 /* Context */ = {
			isa = PBXGroup;
			children = (
				7589A6EF279B305200EF5035 /* ContextTableViewCell.swift */,
				7589A6F0279B305200EF5035 /* ContextTableViewCell.xib */,
			);
			path = Context;
			sourceTree = "<group>";
		};
		7589A6F4279B306300EF5035 /* Players */ = {
			isa = PBXGroup;
			children = (
				756A231127774D2D00A7063C /* PlayersTableViewCell.swift */,
				756A231227774D2D00A7063C /* PlayersTableViewCell.xib */,
			);
			path = Players;
			sourceTree = "<group>";
		};
		75959023279612850017D86E /* NetworkGameMainPageModule */ = {
			isa = PBXGroup;
			children = (
				75F08BB927976DB60050AE76 /* Model */,
				75959029279613150017D86E /* Presenter */,
				75959026279612F20017D86E /* View */,
			);
			path = NetworkGameMainPageModule;
			sourceTree = "<group>";
		};
		75959026279612F20017D86E /* View */ = {
			isa = PBXGroup;
			children = (
				75959024279612C90017D86E /* NetworkGameMainPageViewController.swift */,
				7526AF882797035A0080E693 /* NetworkGameMainPageViewController.xib */,
				7526AF92279742DB0080E693 /* UserSearch */,
			);
			path = View;
			sourceTree = "<group>";
		};
		75959029279613150017D86E /* Presenter */ = {
			isa = PBXGroup;
			children = (
				75959027279613100017D86E /* NetworkGameMainPagePresenter.swift */,
			);
			path = Presenter;
			sourceTree = "<group>";
		};
		7595902E279614090017D86E /* LoginModule */ = {
			isa = PBXGroup;
			children = (
				75959032279614460017D86E /* Presenter */,
				75959031279614410017D86E /* View */,
			);
			path = LoginModule;
			sourceTree = "<group>";
		};
		75959031279614410017D86E /* View */ = {
			isa = PBXGroup;
			children = (
				7595902A279613E30017D86E /* LoginViewController.swift */,
				75959033279618650017D86E /* LoginViewController.xib */,
			);
			path = View;
			sourceTree = "<group>";
		};
		75959032279614460017D86E /* Presenter */ = {
			isa = PBXGroup;
			children = (
				7595902C279614040017D86E /* LoginPresenter.swift */,
			);
			path = Presenter;
			sourceTree = "<group>";
		};
		75AFDA53277879D8000A03BD /* Buttons */ = {
			isa = PBXGroup;
			children = (
				75189778277000C200B666F2 /* FilledButton.swift */,
				75AFDA5427787A08000A03BD /* CircleButton.swift */,
			);
			path = Buttons;
			sourceTree = "<group>";
		};
		75B9BB2C279CC60300F496A5 /* NetworkUsers */ = {
			isa = PBXGroup;
			children = (
				75B9BB2D279CC62900F496A5 /* NetworkUsersTableView.swift */,
				75B9BB33279CC74500F496A5 /* Cell */,
			);
			path = NetworkUsers;
			sourceTree = "<group>";
		};
		75B9BB33279CC74500F496A5 /* Cell */ = {
			isa = PBXGroup;
			children = (
				75B9BB2F279CC73000F496A5 /* NetworkUsersTableViewCell.swift */,
				75B9BB30279CC73000F496A5 /* NetworkUsersTableViewCell.xib */,
			);
			path = Cell;
			sourceTree = "<group>";
		};
		75C90DF227975A9D0060A471 /* Frameworks */ = {
			isa = PBXGroup;
			children = (
			);
			name = Frameworks;
			sourceTree = "<group>";
		};
		75E1106027986D59009C5AC5 /* PrivateChatModule */ = {
			isa = PBXGroup;
			children = (
				75E110702798D75C009C5AC5 /* Model */,
				75E1106527986DA3009C5AC5 /* Presenter */,
				75E1106627986DA9009C5AC5 /* View */,
			);
			path = PrivateChatModule;
			sourceTree = "<group>";
		};
		75E1106527986DA3009C5AC5 /* Presenter */ = {
			isa = PBXGroup;
			children = (
				75E1106327986DA0009C5AC5 /* PrivateChatPresenter.swift */,
			);
			path = Presenter;
			sourceTree = "<group>";
		};
		75E1106627986DA9009C5AC5 /* View */ = {
			isa = PBXGroup;
			children = (
				75E1106127986D8A009C5AC5 /* PrivateChatViewController.swift */,
				75E1106B2798C535009C5AC5 /* MessageKitExtensions.swift */,
			);
			path = View;
			sourceTree = "<group>";
		};
		75E1106D2798C82F009C5AC5 /* Lottie */ = {
			isa = PBXGroup;
			children = (
				75E1106E2798C840009C5AC5 /* lf30_editor_vxqlcgjk.json */,
			);
			path = Lottie;
			sourceTree = "<group>";
		};
		75E110702798D75C009C5AC5 /* Model */ = {
			isa = PBXGroup;
			children = (
				75E1106727988C75009C5AC5 /* PrivateChatMessageModel.swift */,
			);
			path = Model;
			sourceTree = "<group>";
		};
		75E7949A276EF7040088E34D = {
			isa = PBXGroup;
			children = (
				75E794A5276EF7040088E34D /* MiniGames */,
				75E794A4276EF7040088E34D /* Products */,
				75C90DF227975A9D0060A471 /* Frameworks */,
			);
			sourceTree = "<group>";
		};
		75E794A4276EF7040088E34D /* Products */ = {
			isa = PBXGroup;
			children = (
				75E794A3276EF7040088E34D /* MiniGames.app */,
			);
			name = Products;
			sourceTree = "<group>";
		};
		75E794A5276EF7040088E34D /* MiniGames */ = {
			isa = PBXGroup;
			children = (
				752ECF31276F2BA9007BE008 /* Application */,
				750746EB276F127500597005 /* Extensions */,
				7518977A277000CE00B666F2 /* UI */,
				7589A6EA279B219300EF5035 /* ContextMenu */,
				7589A6E7279AE17600EF5035 /* Bindings */,
				75E794BA276F016D0088E34D /* MainModule */,
				750746E6276F0EA600597005 /* SingleGameUsersModule */,
				75045969279632A200D47077 /* Authentication */,
				75959023279612850017D86E /* NetworkGameMainPageModule */,
				75E1106027986D59009C5AC5 /* PrivateChatModule */,
				7518977D2770352400B666F2 /* ListOfGamesMule */,
				7518978827704B0D00B666F2 /* GameModule */,
				7518978D27704DAA00B666F2 /* Games */,
				75E794AC276EF7040088E34D /* Main.storyboard */,
				75E794AF276EF70D0088E34D /* Assets.xcassets */,
				75E794B1276EF70D0088E34D /* LaunchScreen.storyboard */,
				75D46AEE279626B9009B226F /* GoogleService-Info.plist */,
				75E794B4276EF70D0088E34D /* Info.plist */,
			);
			path = MiniGames;
			sourceTree = "<group>";
		};
		75E794BA276F016D0088E34D /* MainModule */ = {
			isa = PBXGroup;
			children = (
				750746E0276F060300597005 /* Presenter */,
				750746E1276F060F00597005 /* View */,
			);
			path = MainModule;
			sourceTree = "<group>";
		};
		75F08BB927976DB60050AE76 /* Model */ = {
			isa = PBXGroup;
			children = (
				75F08BBA279777420050AE76 /* NetworkUserModel.swift */,
			);
			path = Model;
			sourceTree = "<group>";
		};
/* End PBXGroup section */

/* Begin PBXNativeTarget section */
		75E794A2276EF7040088E34D /* MiniGames */ = {
			isa = PBXNativeTarget;
			buildConfigurationList = 75E794B7276EF70D0088E34D /* Build configuration list for PBXNativeTarget "MiniGames" */;
			buildPhases = (
				75E7949F276EF7040088E34D /* Sources */,
				75E794A0276EF7040088E34D /* Frameworks */,
				75E794A1276EF7040088E34D /* Resources */,
			);
			buildRules = (
			);
			dependencies = (
			);
			name = MiniGames;
			packageProductDependencies = (
				7595901F2795FFD30017D86E /* Lottie */,
				75D46AE02796249B009B226F /* FirebaseAnalytics */,
				75D46AE22796249B009B226F /* FirebaseAuth */,
				75D46AE42796249B009B226F /* FirebaseDatabase */,
				75D46AE62796249B009B226F /* FirebaseMessaging */,
				75D46AE82796249B009B226F /* FirebaseStorage */,
				75C90DF327975A9D0060A471 /* FirebaseFirestore */,
				75E1105E27986D1F009C5AC5 /* MessageKit */,
				75BB1048279D1367008F6082 /* RxCocoa */,
				75BB104A279D1367008F6082 /* RxSwift */,
			);
			productName = MiniGames;
			productReference = 75E794A3276EF7040088E34D /* MiniGames.app */;
			productType = "com.apple.product-type.application";
		};
/* End PBXNativeTarget section */

/* Begin PBXProject section */
		75E7949B276EF7040088E34D /* Project object */ = {
			isa = PBXProject;
			attributes = {
				BuildIndependentTargetsInParallel = 1;
				LastSwiftUpdateCheck = 1300;
				LastUpgradeCheck = 1300;
				TargetAttributes = {
					75E794A2276EF7040088E34D = {
						CreatedOnToolsVersion = 13.0;
					};
				};
			};
			buildConfigurationList = 75E7949E276EF7040088E34D /* Build configuration list for PBXProject "MiniGames" */;
			compatibilityVersion = "Xcode 13.0";
			developmentRegion = en;
			hasScannedForEncodings = 0;
			knownRegions = (
				en,
				Base,
			);
			mainGroup = 75E7949A276EF7040088E34D;
			packageReferences = (
				7595901E2795FFD20017D86E /* XCRemoteSwiftPackageReference "lottie-ios" */,
				75D46ADF2796249B009B226F /* XCRemoteSwiftPackageReference "firebase-ios-sdk" */,
				75E1105D27986D1E009C5AC5 /* XCRemoteSwiftPackageReference "MessageKit" */,
				75BB1047279D1367008F6082 /* XCRemoteSwiftPackageReference "RxSwift" */,
			);
			productRefGroup = 75E794A4276EF7040088E34D /* Products */;
			projectDirPath = "";
			projectRoot = "";
			targets = (
				75E794A2276EF7040088E34D /* MiniGames */,
			);
		};
/* End PBXProject section */

/* Begin PBXResourcesBuildPhase section */
		75E794A1276EF7040088E34D /* Resources */ = {
			isa = PBXResourcesBuildPhase;
			buildActionMask = 2147483647;
			files = (
				756A231427774D2D00A7063C /* PlayersTableViewCell.xib in Resources */,
				7589A6F2279B305200EF5035 /* ContextTableViewCell.xib in Resources */,
				7518979127704DEB00B666F2 /* TheBottleGameViewController.xib in Resources */,
				7526AF892797035A0080E693 /* NetworkGameMainPageViewController.xib in Resources */,
				75E794B3276EF70D0088E34D /* LaunchScreen.storyboard in Resources */,
				75959034279618650017D86E /* LoginViewController.xib in Resources */,
				75E794B0276EF70D0088E34D /* Assets.xcassets in Resources */,
				7518978127703B2300B666F2 /* ListOfGamesViewController.xib in Resources */,
				7504596E279632EA00D47077 /* SingUpViewController.xib in Resources */,
				7567048D2778EAE0008F4126 /* thin.ttf in Resources */,
				756704882778EAE0008F4126 /* bold.ttf in Resources */,
				756704892778EAE0008F4126 /* medium.ttf in Resources */,
				75716891277A0F73007E7FEF /* RandomNumberViewController.xib in Resources */,
				7567048C2778EAE0008F4126 /* semibold.ttf in Resources */,
				7567048A2778EAE0008F4126 /* regular.ttf in Resources */,
				750746E5276F0EA100597005 /* SingleGameUsersViewController.xib in Resources */,
				756704812778E79E008F4126 /* Klasik Regular.otf in Resources */,
				7518978727704AFB00B666F2 /* GameViewController.xib in Resources */,
				7567048B2778EAE0008F4126 /* light.ttf in Resources */,
				75B9BB32279CC73000F496A5 /* NetworkUsersTableViewCell.xib in Resources */,
				75E794AE276EF7040088E34D /* Main.storyboard in Resources */,
				75D46AEF279626B9009B226F /* GoogleService-Info.plist in Resources */,
				7560F0A62774355B0087582F /* GameScene.sks in Resources */,
				75E794BC276F019F0088E34D /* MainViewController.xib in Resources */,
				75E1106F2798C840009C5AC5 /* lf30_editor_vxqlcgjk.json in Resources */,
			);
			runOnlyForDeploymentPostprocessing = 0;
		};
/* End PBXResourcesBuildPhase section */

/* Begin PBXSourcesBuildPhase section */
		75E7949F276EF7040088E34D /* Sources */ = {
			isa = PBXSourcesBuildPhase;
			buildActionMask = 2147483647;
			files = (
				750746E8276F104D00597005 /* SingleGamesUsersPresenter.swift in Sources */,
				75E1106A2798A93D009C5AC5 /* DateExtension.swift in Sources */,
				75E1106827988C76009C5AC5 /* PrivateChatMessageModel.swift in Sources */,
				75E38F3C27770EBB003CD190 /* NavigationBarExtension.swift in Sources */,
				75F08BBD279782D20050AE76 /* Firebase.swift in Sources */,
				75959028279613100017D86E /* NetworkGameMainPagePresenter.swift in Sources */,
				75F08BBB279777420050AE76 /* NetworkUserModel.swift in Sources */,
				75B9BB2E279CC62900F496A5 /* NetworkUsersTableView.swift in Sources */,
				7589A6F6279B316700EF5035 /* ContextDataModel.swift in Sources */,
				756A23172777531600A7063C /* CreateSingleGameUserView.swift in Sources */,
				75189779277000C200B666F2 /* FilledButton.swift in Sources */,
				75716890277A0F73007E7FEF /* RandomNumberViewController.swift in Sources */,
				756A231327774D2D00A7063C /* PlayersTableViewCell.swift in Sources */,
				75B9BB31279CC73000F496A5 /* NetworkUsersTableViewCell.swift in Sources */,
				75E794AB276EF7040088E34D /* MainViewController.swift in Sources */,
				752ECF2E276F1FF9007BE008 /* SingleGameUsersCoreData.xcdatamodeld in Sources */,
				755889212772F53D0063BF16 /* PlayersGameModel.swift in Sources */,
				7589A6F8279B379100EF5035 /* ContextTableView.swift in Sources */,
				7518978A27704B3900B666F2 /* GamePresenter.swift in Sources */,
				750746DF276F05FD00597005 /* MainPresenter.swift in Sources */,
				750746ED276F128500597005 /* UIViewControllerExtension.swift in Sources */,
				7567048F2778ECCB008F4126 /* UIFontExtension.swift in Sources */,
				755889252772F8C20063BF16 /* GameProtocol.swift in Sources */,
				75AFDA5227785369000A03BD /* UIViewExtension.swift in Sources */,
				7589A6F1279B305200EF5035 /* ContextTableViewCell.swift in Sources */,
				752ECF30276F2910007BE008 /* CoreData.swift in Sources */,
				75E794A7276EF7040088E34D /* AppDelegate.swift in Sources */,
				7526AF91279742D70080E693 /* UserSearchView.swift in Sources */,
				756A23202777609800A7063C /* Avatars.swift in Sources */,
				759A0030277105EF005C3C3E /* GameScene.swift in Sources */,
				75AFDA572778AD5E000A03BD /* UIImageViewExtension.swift in Sources */,
				7589A6FA279B652B00EF5035 /* FriendModel.swift in Sources */,
				7518977F2770355B00B666F2 /* ListOfGamesPresenter.swift in Sources */,
				756A231B2777591E00A7063C /* RegularTextField.swift in Sources */,
				7526AF8E27971A8F0080E693 /* SignUpUserModel.swift in Sources */,
				75189798277074A900B666F2 /* GameCollectionView.swift in Sources */,
				7595902D279614040017D86E /* LoginPresenter.swift in Sources */,
				7595902B279613E30017D86E /* LoginViewController.swift in Sources */,
				7526AF8B27970ACD0080E693 /* SelectAvatarView.swift in Sources */,
				750746DD276F039500597005 /* Router.swift in Sources */,
				756A23222777617A00A7063C /* AvatarsCollectionView.swift in Sources */,
				75E38F3A277709FB003CD190 /* RegularTableView.swift in Sources */,
				7518978627704AFB00B666F2 /* GameViewController.swift in Sources */,
				7518977C2770351500B666F2 /* ListOfGamesViewController.swift in Sources */,
				75E1106227986D8A009C5AC5 /* PrivateChatViewController.swift in Sources */,
				7518979027704DEB00B666F2 /* TheBottleGameViewController.swift in Sources */,
				7589A6EC279B21A900EF5035 /* ContextMenu.swift in Sources */,
				7589A6E9279AE18F00EF5035 /* Dynamic.swift in Sources */,
				750459682796328500D47077 /* SingUpViewController.swift in Sources */,
				75E794A9276EF7040088E34D /* SceneDelegate.swift in Sources */,
				75AFDA5527787A08000A03BD /* CircleButton.swift in Sources */,
				75959025279612C90017D86E /* NetworkGameMainPageViewController.swift in Sources */,
				75E38F3827770605003CD190 /* UIColorExtension.swift in Sources */,
				756704912778F2C3008F4126 /* RegularLabel.swift in Sources */,
				75045970279633AA00D47077 /* SingUpPresenter.swift in Sources */,
				750746DB276F033500597005 /* ModuleBuilder.swift in Sources */,
				75E1106427986DA0009C5AC5 /* PrivateChatPresenter.swift in Sources */,
				756A2319277755A900A7063C /* Insets.swift in Sources */,
				750746E4276F0EA100597005 /* SingleGameUsersViewController.swift in Sources */,
				75E1106C2798C536009C5AC5 /* MessageKitExtensions.swift in Sources */,
			);
			runOnlyForDeploymentPostprocessing = 0;
		};
/* End PBXSourcesBuildPhase section */

/* Begin PBXVariantGroup section */
		75E794AC276EF7040088E34D /* Main.storyboard */ = {
			isa = PBXVariantGroup;
			children = (
				75E794AD276EF7040088E34D /* Base */,
			);
			name = Main.storyboard;
			sourceTree = "<group>";
		};
		75E794B1276EF70D0088E34D /* LaunchScreen.storyboard */ = {
			isa = PBXVariantGroup;
			children = (
				75E794B2276EF70D0088E34D /* Base */,
			);
			name = LaunchScreen.storyboard;
			sourceTree = "<group>";
		};
/* End PBXVariantGroup section */

/* Begin XCBuildConfiguration section */
		75E794B5276EF70D0088E34D /* Debug */ = {
			isa = XCBuildConfiguration;
			buildSettings = {
				ALWAYS_SEARCH_USER_PATHS = NO;
				CLANG_ANALYZER_NONNULL = YES;
				CLANG_ANALYZER_NUMBER_OBJECT_CONVERSION = YES_AGGRESSIVE;
				CLANG_CXX_LANGUAGE_STANDARD = "gnu++17";
				CLANG_CXX_LIBRARY = "libc++";
				CLANG_ENABLE_MODULES = YES;
				CLANG_ENABLE_OBJC_ARC = YES;
				CLANG_ENABLE_OBJC_WEAK = YES;
				CLANG_WARN_BLOCK_CAPTURE_AUTORELEASING = YES;
				CLANG_WARN_BOOL_CONVERSION = YES;
				CLANG_WARN_COMMA = YES;
				CLANG_WARN_CONSTANT_CONVERSION = YES;
				CLANG_WARN_DEPRECATED_OBJC_IMPLEMENTATIONS = YES;
				CLANG_WARN_DIRECT_OBJC_ISA_USAGE = YES_ERROR;
				CLANG_WARN_DOCUMENTATION_COMMENTS = YES;
				CLANG_WARN_EMPTY_BODY = YES;
				CLANG_WARN_ENUM_CONVERSION = YES;
				CLANG_WARN_INFINITE_RECURSION = YES;
				CLANG_WARN_INT_CONVERSION = YES;
				CLANG_WARN_NON_LITERAL_NULL_CONVERSION = YES;
				CLANG_WARN_OBJC_IMPLICIT_RETAIN_SELF = YES;
				CLANG_WARN_OBJC_LITERAL_CONVERSION = YES;
				CLANG_WARN_OBJC_ROOT_CLASS = YES_ERROR;
				CLANG_WARN_QUOTED_INCLUDE_IN_FRAMEWORK_HEADER = YES;
				CLANG_WARN_RANGE_LOOP_ANALYSIS = YES;
				CLANG_WARN_STRICT_PROTOTYPES = YES;
				CLANG_WARN_SUSPICIOUS_MOVE = YES;
				CLANG_WARN_UNGUARDED_AVAILABILITY = YES_AGGRESSIVE;
				CLANG_WARN_UNREACHABLE_CODE = YES;
				CLANG_WARN__DUPLICATE_METHOD_MATCH = YES;
				COPY_PHASE_STRIP = NO;
				DEBUG_INFORMATION_FORMAT = dwarf;
				ENABLE_STRICT_OBJC_MSGSEND = YES;
				ENABLE_TESTABILITY = YES;
				GCC_C_LANGUAGE_STANDARD = gnu11;
				GCC_DYNAMIC_NO_PIC = NO;
				GCC_NO_COMMON_BLOCKS = YES;
				GCC_OPTIMIZATION_LEVEL = 0;
				GCC_PREPROCESSOR_DEFINITIONS = (
					"DEBUG=1",
					"$(inherited)",
				);
				GCC_WARN_64_TO_32_BIT_CONVERSION = YES;
				GCC_WARN_ABOUT_RETURN_TYPE = YES_ERROR;
				GCC_WARN_UNDECLARED_SELECTOR = YES;
				GCC_WARN_UNINITIALIZED_AUTOS = YES_AGGRESSIVE;
				GCC_WARN_UNUSED_FUNCTION = YES;
				GCC_WARN_UNUSED_VARIABLE = YES;
				IPHONEOS_DEPLOYMENT_TARGET = 13.0;
				MTL_ENABLE_DEBUG_INFO = INCLUDE_SOURCE;
				MTL_FAST_MATH = YES;
				ONLY_ACTIVE_ARCH = YES;
				SDKROOT = iphoneos;
				SWIFT_ACTIVE_COMPILATION_CONDITIONS = DEBUG;
				SWIFT_OPTIMIZATION_LEVEL = "-Onone";
			};
			name = Debug;
		};
		75E794B6276EF70D0088E34D /* Release */ = {
			isa = XCBuildConfiguration;
			buildSettings = {
				ALWAYS_SEARCH_USER_PATHS = NO;
				CLANG_ANALYZER_NONNULL = YES;
				CLANG_ANALYZER_NUMBER_OBJECT_CONVERSION = YES_AGGRESSIVE;
				CLANG_CXX_LANGUAGE_STANDARD = "gnu++17";
				CLANG_CXX_LIBRARY = "libc++";
				CLANG_ENABLE_MODULES = YES;
				CLANG_ENABLE_OBJC_ARC = YES;
				CLANG_ENABLE_OBJC_WEAK = YES;
				CLANG_WARN_BLOCK_CAPTURE_AUTORELEASING = YES;
				CLANG_WARN_BOOL_CONVERSION = YES;
				CLANG_WARN_COMMA = YES;
				CLANG_WARN_CONSTANT_CONVERSION = YES;
				CLANG_WARN_DEPRECATED_OBJC_IMPLEMENTATIONS = YES;
				CLANG_WARN_DIRECT_OBJC_ISA_USAGE = YES_ERROR;
				CLANG_WARN_DOCUMENTATION_COMMENTS = YES;
				CLANG_WARN_EMPTY_BODY = YES;
				CLANG_WARN_ENUM_CONVERSION = YES;
				CLANG_WARN_INFINITE_RECURSION = YES;
				CLANG_WARN_INT_CONVERSION = YES;
				CLANG_WARN_NON_LITERAL_NULL_CONVERSION = YES;
				CLANG_WARN_OBJC_IMPLICIT_RETAIN_SELF = YES;
				CLANG_WARN_OBJC_LITERAL_CONVERSION = YES;
				CLANG_WARN_OBJC_ROOT_CLASS = YES_ERROR;
				CLANG_WARN_QUOTED_INCLUDE_IN_FRAMEWORK_HEADER = YES;
				CLANG_WARN_RANGE_LOOP_ANALYSIS = YES;
				CLANG_WARN_STRICT_PROTOTYPES = YES;
				CLANG_WARN_SUSPICIOUS_MOVE = YES;
				CLANG_WARN_UNGUARDED_AVAILABILITY = YES_AGGRESSIVE;
				CLANG_WARN_UNREACHABLE_CODE = YES;
				CLANG_WARN__DUPLICATE_METHOD_MATCH = YES;
				COPY_PHASE_STRIP = NO;
				DEBUG_INFORMATION_FORMAT = "dwarf-with-dsym";
				ENABLE_NS_ASSERTIONS = NO;
				ENABLE_STRICT_OBJC_MSGSEND = YES;
				GCC_C_LANGUAGE_STANDARD = gnu11;
				GCC_NO_COMMON_BLOCKS = YES;
				GCC_WARN_64_TO_32_BIT_CONVERSION = YES;
				GCC_WARN_ABOUT_RETURN_TYPE = YES_ERROR;
				GCC_WARN_UNDECLARED_SELECTOR = YES;
				GCC_WARN_UNINITIALIZED_AUTOS = YES_AGGRESSIVE;
				GCC_WARN_UNUSED_FUNCTION = YES;
				GCC_WARN_UNUSED_VARIABLE = YES;
				IPHONEOS_DEPLOYMENT_TARGET = 13.0;
				MTL_ENABLE_DEBUG_INFO = NO;
				MTL_FAST_MATH = YES;
				SDKROOT = iphoneos;
				SWIFT_COMPILATION_MODE = wholemodule;
				SWIFT_OPTIMIZATION_LEVEL = "-O";
				VALIDATE_PRODUCT = YES;
			};
			name = Release;
		};
		75E794B8276EF70D0088E34D /* Debug */ = {
			isa = XCBuildConfiguration;
			buildSettings = {
				ASSETCATALOG_COMPILER_APPICON_NAME = AppIcon;
				ASSETCATALOG_COMPILER_GLOBAL_ACCENT_COLOR_NAME = AccentColor;
				CODE_SIGN_STYLE = Automatic;
				CURRENT_PROJECT_VERSION = 1;
				DEVELOPMENT_TEAM = 6TVC5Q5R78;
				GENERATE_INFOPLIST_FILE = YES;
				INFOPLIST_FILE = MiniGames/Info.plist;
				INFOPLIST_KEY_UIApplicationSupportsIndirectInputEvents = YES;
				INFOPLIST_KEY_UILaunchStoryboardName = LaunchScreen;
				INFOPLIST_KEY_UIMainStoryboardFile = Main;
				INFOPLIST_KEY_UISupportedInterfaceOrientations_iPad = "UIInterfaceOrientationPortrait UIInterfaceOrientationPortraitUpsideDown UIInterfaceOrientationLandscapeLeft UIInterfaceOrientationLandscapeRight";
				INFOPLIST_KEY_UISupportedInterfaceOrientations_iPhone = "UIInterfaceOrientationPortrait UIInterfaceOrientationLandscapeLeft UIInterfaceOrientationLandscapeRight";
				IPHONEOS_DEPLOYMENT_TARGET = 13.0;
				LD_RUNPATH_SEARCH_PATHS = (
					"$(inherited)",
					"@executable_path/Frameworks",
				);
				MARKETING_VERSION = 1.0;
				PRODUCT_BUNDLE_IDENTIFIER = By.Arthur.MiniGames;
				PRODUCT_NAME = "$(TARGET_NAME)";
				SWIFT_EMIT_LOC_STRINGS = YES;
				SWIFT_VERSION = 5.0;
				TARGETED_DEVICE_FAMILY = "1,2";
			};
			name = Debug;
		};
		75E794B9276EF70D0088E34D /* Release */ = {
			isa = XCBuildConfiguration;
			buildSettings = {
				ASSETCATALOG_COMPILER_APPICON_NAME = AppIcon;
				ASSETCATALOG_COMPILER_GLOBAL_ACCENT_COLOR_NAME = AccentColor;
				CODE_SIGN_STYLE = Automatic;
				CURRENT_PROJECT_VERSION = 1;
				DEVELOPMENT_TEAM = 6TVC5Q5R78;
				GENERATE_INFOPLIST_FILE = YES;
				INFOPLIST_FILE = MiniGames/Info.plist;
				INFOPLIST_KEY_UIApplicationSupportsIndirectInputEvents = YES;
				INFOPLIST_KEY_UILaunchStoryboardName = LaunchScreen;
				INFOPLIST_KEY_UIMainStoryboardFile = Main;
				INFOPLIST_KEY_UISupportedInterfaceOrientations_iPad = "UIInterfaceOrientationPortrait UIInterfaceOrientationPortraitUpsideDown UIInterfaceOrientationLandscapeLeft UIInterfaceOrientationLandscapeRight";
				INFOPLIST_KEY_UISupportedInterfaceOrientations_iPhone = "UIInterfaceOrientationPortrait UIInterfaceOrientationLandscapeLeft UIInterfaceOrientationLandscapeRight";
				IPHONEOS_DEPLOYMENT_TARGET = 13.0;
				LD_RUNPATH_SEARCH_PATHS = (
					"$(inherited)",
					"@executable_path/Frameworks",
				);
				MARKETING_VERSION = 1.0;
				PRODUCT_BUNDLE_IDENTIFIER = By.Arthur.MiniGames;
				PRODUCT_NAME = "$(TARGET_NAME)";
				SWIFT_EMIT_LOC_STRINGS = YES;
				SWIFT_VERSION = 5.0;
				TARGETED_DEVICE_FAMILY = "1,2";
			};
			name = Release;
		};
/* End XCBuildConfiguration section */

/* Begin XCConfigurationList section */
		75E7949E276EF7040088E34D /* Build configuration list for PBXProject "MiniGames" */ = {
			isa = XCConfigurationList;
			buildConfigurations = (
				75E794B5276EF70D0088E34D /* Debug */,
				75E794B6276EF70D0088E34D /* Release */,
			);
			defaultConfigurationIsVisible = 0;
			defaultConfigurationName = Release;
		};
		75E794B7276EF70D0088E34D /* Build configuration list for PBXNativeTarget "MiniGames" */ = {
			isa = XCConfigurationList;
			buildConfigurations = (
				75E794B8276EF70D0088E34D /* Debug */,
				75E794B9276EF70D0088E34D /* Release */,
			);
			defaultConfigurationIsVisible = 0;
			defaultConfigurationName = Release;
		};
/* End XCConfigurationList section */

/* Begin XCRemoteSwiftPackageReference section */
		7595901E2795FFD20017D86E /* XCRemoteSwiftPackageReference "lottie-ios" */ = {
			isa = XCRemoteSwiftPackageReference;
			repositoryURL = "https://github.com/airbnb/lottie-ios.git";
			requirement = {
				kind = upToNextMajorVersion;
				minimumVersion = 3.0.0;
			};
		};
		75BB1047279D1367008F6082 /* XCRemoteSwiftPackageReference "RxSwift" */ = {
			isa = XCRemoteSwiftPackageReference;
			repositoryURL = "https://github.com/ReactiveX/RxSwift.git";
			requirement = {
				branch = main;
				kind = branch;
			};
		};
		75D46ADF2796249B009B226F /* XCRemoteSwiftPackageReference "firebase-ios-sdk" */ = {
			isa = XCRemoteSwiftPackageReference;
			repositoryURL = "https://github.com/firebase/firebase-ios-sdk";
			requirement = {
				branch = master;
				kind = branch;
			};
		};
		75E1105D27986D1E009C5AC5 /* XCRemoteSwiftPackageReference "MessageKit" */ = {
			isa = XCRemoteSwiftPackageReference;
			repositoryURL = "https://github.com/MessageKit/MessageKit";
			requirement = {
				kind = upToNextMajorVersion;
				minimumVersion = 3.0.0;
			};
		};
/* End XCRemoteSwiftPackageReference section */

/* Begin XCSwiftPackageProductDependency section */
		7595901F2795FFD30017D86E /* Lottie */ = {
			isa = XCSwiftPackageProductDependency;
			package = 7595901E2795FFD20017D86E /* XCRemoteSwiftPackageReference "lottie-ios" */;
			productName = Lottie;
		};
		75BB1048279D1367008F6082 /* RxCocoa */ = {
			isa = XCSwiftPackageProductDependency;
			package = 75BB1047279D1367008F6082 /* XCRemoteSwiftPackageReference "RxSwift" */;
			productName = RxCocoa;
		};
		75BB104A279D1367008F6082 /* RxSwift */ = {
			isa = XCSwiftPackageProductDependency;
			package = 75BB1047279D1367008F6082 /* XCRemoteSwiftPackageReference "RxSwift" */;
			productName = RxSwift;
		};
		75C90DF327975A9D0060A471 /* FirebaseFirestore */ = {
			isa = XCSwiftPackageProductDependency;
			package = 75D46ADF2796249B009B226F /* XCRemoteSwiftPackageReference "firebase-ios-sdk" */;
			productName = FirebaseFirestore;
		};
		75D46AE02796249B009B226F /* FirebaseAnalytics */ = {
			isa = XCSwiftPackageProductDependency;
			package = 75D46ADF2796249B009B226F /* XCRemoteSwiftPackageReference "firebase-ios-sdk" */;
			productName = FirebaseAnalytics;
		};
		75D46AE22796249B009B226F /* FirebaseAuth */ = {
			isa = XCSwiftPackageProductDependency;
			package = 75D46ADF2796249B009B226F /* XCRemoteSwiftPackageReference "firebase-ios-sdk" */;
			productName = FirebaseAuth;
		};
		75D46AE42796249B009B226F /* FirebaseDatabase */ = {
			isa = XCSwiftPackageProductDependency;
			package = 75D46ADF2796249B009B226F /* XCRemoteSwiftPackageReference "firebase-ios-sdk" */;
			productName = FirebaseDatabase;
		};
		75D46AE62796249B009B226F /* FirebaseMessaging */ = {
			isa = XCSwiftPackageProductDependency;
			package = 75D46ADF2796249B009B226F /* XCRemoteSwiftPackageReference "firebase-ios-sdk" */;
			productName = FirebaseMessaging;
		};
		75D46AE82796249B009B226F /* FirebaseStorage */ = {
			isa = XCSwiftPackageProductDependency;
			package = 75D46ADF2796249B009B226F /* XCRemoteSwiftPackageReference "firebase-ios-sdk" */;
			productName = FirebaseStorage;
		};
		75E1105E27986D1F009C5AC5 /* MessageKit */ = {
			isa = XCSwiftPackageProductDependency;
			package = 75E1105D27986D1E009C5AC5 /* XCRemoteSwiftPackageReference "MessageKit" */;
			productName = MessageKit;
		};
/* End XCSwiftPackageProductDependency section */

/* Begin XCVersionGroup section */
		752ECF2C276F1FF9007BE008 /* SingleGameUsersCoreData.xcdatamodeld */ = {
			isa = XCVersionGroup;
			children = (
				752ECF2D276F1FF9007BE008 /* SingleUserModel.xcdatamodel */,
			);
			currentVersion = 752ECF2D276F1FF9007BE008 /* SingleUserModel.xcdatamodel */;
			path = SingleGameUsersCoreData.xcdatamodeld;
			sourceTree = "<group>";
			versionGroupType = wrapper.xcdatamodel;
		};
/* End XCVersionGroup section */
	};
	rootObject = 75E7949B276EF7040088E34D /* Project object */;
}
