// !$*UTF8*$!
{
	archiveVersion = 1;
	classes = {
	};
	objectVersion = 55;
	objects = {

/* Begin PBXBuildFile section */
		750746DB276F033500597005 /* ModuleBuilder.swift in Sources */ = {isa = PBXBuildFile; fileRef = 750746DA276F033500597005 /* ModuleBuilder.swift */; };
		750746DD276F039500597005 /* Router.swift in Sources */ = {isa = PBXBuildFile; fileRef = 750746DC276F039500597005 /* Router.swift */; };
		750746DF276F05FD00597005 /* MainPresenter.swift in Sources */ = {isa = PBXBuildFile; fileRef = 750746DE276F05FD00597005 /* MainPresenter.swift */; };
		750746E4276F0EA100597005 /* SingleGameUsersViewController.swift in Sources */ = {isa = PBXBuildFile; fileRef = 750746E2276F0EA100597005 /* SingleGameUsersViewController.swift */; };
		750746E5276F0EA100597005 /* SingleGameUsersViewController.xib in Resources */ = {isa = PBXBuildFile; fileRef = 750746E3276F0EA100597005 /* SingleGameUsersViewController.xib */; };
		750746E8276F104D00597005 /* SingleGamesUsersPresenter.swift in Sources */ = {isa = PBXBuildFile; fileRef = 750746E7276F104D00597005 /* SingleGamesUsersPresenter.swift */; };
		750746ED276F128500597005 /* ExtViewController.swift in Sources */ = {isa = PBXBuildFile; fileRef = 750746EC276F128500597005 /* ExtViewController.swift */; };
		75189779277000C200B666F2 /* TintedButton.swift in Sources */ = {isa = PBXBuildFile; fileRef = 75189778277000C200B666F2 /* TintedButton.swift */; };
		7518977C2770351500B666F2 /* ListOfGamesViewController.swift in Sources */ = {isa = PBXBuildFile; fileRef = 7518977B2770351500B666F2 /* ListOfGamesViewController.swift */; };
		7518977F2770355B00B666F2 /* ListOfGamesPresenter.swift in Sources */ = {isa = PBXBuildFile; fileRef = 7518977E2770355B00B666F2 /* ListOfGamesPresenter.swift */; };
		7518978127703B2300B666F2 /* ListOfGamesViewController.xib in Resources */ = {isa = PBXBuildFile; fileRef = 7518978027703B2300B666F2 /* ListOfGamesViewController.xib */; };
		7518978627704AFB00B666F2 /* GameViewController.swift in Sources */ = {isa = PBXBuildFile; fileRef = 7518978427704AFB00B666F2 /* GameViewController.swift */; };
		7518978727704AFB00B666F2 /* GameViewController.xib in Resources */ = {isa = PBXBuildFile; fileRef = 7518978527704AFB00B666F2 /* GameViewController.xib */; };
		7518978A27704B3900B666F2 /* GamePresenter.swift in Sources */ = {isa = PBXBuildFile; fileRef = 7518978927704B3900B666F2 /* GamePresenter.swift */; };
		7518979027704DEB00B666F2 /* RandomNumberViewController.swift in Sources */ = {isa = PBXBuildFile; fileRef = 7518978E27704DEB00B666F2 /* RandomNumberViewController.swift */; };
		7518979127704DEB00B666F2 /* RandomNumberViewController.xib in Resources */ = {isa = PBXBuildFile; fileRef = 7518978F27704DEB00B666F2 /* RandomNumberViewController.xib */; };
		7518979427704E2E00B666F2 /* RandomNumberPresenter.swift in Sources */ = {isa = PBXBuildFile; fileRef = 7518979327704E2E00B666F2 /* RandomNumberPresenter.swift */; };
		75189798277074A900B666F2 /* GameCollectionView.swift in Sources */ = {isa = PBXBuildFile; fileRef = 75189797277074A900B666F2 /* GameCollectionView.swift */; };
		752ECF2E276F1FF9007BE008 /* SingleGameUsersCoreData.xcdatamodeld in Sources */ = {isa = PBXBuildFile; fileRef = 752ECF2C276F1FF9007BE008 /* SingleGameUsersCoreData.xcdatamodeld */; };
		752ECF30276F2910007BE008 /* CoreData.swift in Sources */ = {isa = PBXBuildFile; fileRef = 752ECF2F276F2910007BE008 /* CoreData.swift */; };
		755889212772F53D0063BF16 /* PlayersGameModel.swift in Sources */ = {isa = PBXBuildFile; fileRef = 755889202772F53D0063BF16 /* PlayersGameModel.swift */; };
		755889252772F8C20063BF16 /* GameProtocol.swift in Sources */ = {isa = PBXBuildFile; fileRef = 755889242772F8C20063BF16 /* GameProtocol.swift */; };
		759A002C27710364005C3C3E /* GameScene.sks in Resources */ = {isa = PBXBuildFile; fileRef = 759A002B27710362005C3C3E /* GameScene.sks */; };
		759A0030277105EF005C3C3E /* GameScene.swift in Sources */ = {isa = PBXBuildFile; fileRef = 759A002F277105EF005C3C3E /* GameScene.swift */; };
		75E794A7276EF7040088E34D /* AppDelegate.swift in Sources */ = {isa = PBXBuildFile; fileRef = 75E794A6276EF7040088E34D /* AppDelegate.swift */; };
		75E794A9276EF7040088E34D /* SceneDelegate.swift in Sources */ = {isa = PBXBuildFile; fileRef = 75E794A8276EF7040088E34D /* SceneDelegate.swift */; };
		75E794AB276EF7040088E34D /* MainViewController.swift in Sources */ = {isa = PBXBuildFile; fileRef = 75E794AA276EF7040088E34D /* MainViewController.swift */; };
		75E794AE276EF7040088E34D /* Main.storyboard in Resources */ = {isa = PBXBuildFile; fileRef = 75E794AC276EF7040088E34D /* Main.storyboard */; };
		75E794B0276EF70D0088E34D /* Assets.xcassets in Resources */ = {isa = PBXBuildFile; fileRef = 75E794AF276EF70D0088E34D /* Assets.xcassets */; };
		75E794B3276EF70D0088E34D /* LaunchScreen.storyboard in Resources */ = {isa = PBXBuildFile; fileRef = 75E794B1276EF70D0088E34D /* LaunchScreen.storyboard */; };
		75E794BC276F019F0088E34D /* MainViewController.xib in Resources */ = {isa = PBXBuildFile; fileRef = 75E794BB276F019F0088E34D /* MainViewController.xib */; };
/* End PBXBuildFile section */

/* Begin PBXFileReference section */
		750746DA276F033500597005 /* ModuleBuilder.swift */ = {isa = PBXFileReference; lastKnownFileType = sourcecode.swift; path = ModuleBuilder.swift; sourceTree = "<group>"; };
		750746DC276F039500597005 /* Router.swift */ = {isa = PBXFileReference; lastKnownFileType = sourcecode.swift; path = Router.swift; sourceTree = "<group>"; };
		750746DE276F05FD00597005 /* MainPresenter.swift */ = {isa = PBXFileReference; lastKnownFileType = sourcecode.swift; path = MainPresenter.swift; sourceTree = "<group>"; };
		750746E2276F0EA100597005 /* SingleGameUsersViewController.swift */ = {isa = PBXFileReference; lastKnownFileType = sourcecode.swift; path = SingleGameUsersViewController.swift; sourceTree = "<group>"; };
		750746E3276F0EA100597005 /* SingleGameUsersViewController.xib */ = {isa = PBXFileReference; lastKnownFileType = file.xib; path = SingleGameUsersViewController.xib; sourceTree = "<group>"; };
		750746E7276F104D00597005 /* SingleGamesUsersPresenter.swift */ = {isa = PBXFileReference; lastKnownFileType = sourcecode.swift; path = SingleGamesUsersPresenter.swift; sourceTree = "<group>"; };
		750746EC276F128500597005 /* ExtViewController.swift */ = {isa = PBXFileReference; lastKnownFileType = sourcecode.swift; path = ExtViewController.swift; sourceTree = "<group>"; };
		75189778277000C200B666F2 /* TintedButton.swift */ = {isa = PBXFileReference; lastKnownFileType = sourcecode.swift; path = TintedButton.swift; sourceTree = "<group>"; };
		7518977B2770351500B666F2 /* ListOfGamesViewController.swift */ = {isa = PBXFileReference; lastKnownFileType = sourcecode.swift; path = ListOfGamesViewController.swift; sourceTree = "<group>"; };
		7518977E2770355B00B666F2 /* ListOfGamesPresenter.swift */ = {isa = PBXFileReference; lastKnownFileType = sourcecode.swift; path = ListOfGamesPresenter.swift; sourceTree = "<group>"; };
		7518978027703B2300B666F2 /* ListOfGamesViewController.xib */ = {isa = PBXFileReference; lastKnownFileType = file.xib; path = ListOfGamesViewController.xib; sourceTree = "<group>"; };
		7518978427704AFB00B666F2 /* GameViewController.swift */ = {isa = PBXFileReference; lastKnownFileType = sourcecode.swift; path = GameViewController.swift; sourceTree = "<group>"; };
		7518978527704AFB00B666F2 /* GameViewController.xib */ = {isa = PBXFileReference; lastKnownFileType = file.xib; path = GameViewController.xib; sourceTree = "<group>"; };
		7518978927704B3900B666F2 /* GamePresenter.swift */ = {isa = PBXFileReference; lastKnownFileType = sourcecode.swift; path = GamePresenter.swift; sourceTree = "<group>"; };
		7518978E27704DEB00B666F2 /* RandomNumberViewController.swift */ = {isa = PBXFileReference; lastKnownFileType = sourcecode.swift; path = RandomNumberViewController.swift; sourceTree = "<group>"; };
		7518978F27704DEB00B666F2 /* RandomNumberViewController.xib */ = {isa = PBXFileReference; lastKnownFileType = file.xib; path = RandomNumberViewController.xib; sourceTree = "<group>"; };
		7518979327704E2E00B666F2 /* RandomNumberPresenter.swift */ = {isa = PBXFileReference; lastKnownFileType = sourcecode.swift; path = RandomNumberPresenter.swift; sourceTree = "<group>"; };
		75189797277074A900B666F2 /* GameCollectionView.swift */ = {isa = PBXFileReference; lastKnownFileType = sourcecode.swift; path = GameCollectionView.swift; sourceTree = "<group>"; };
		752ECF2D276F1FF9007BE008 /* SingleUserModel.xcdatamodel */ = {isa = PBXFileReference; lastKnownFileType = wrapper.xcdatamodel; path = SingleUserModel.xcdatamodel; sourceTree = "<group>"; };
		752ECF2F276F2910007BE008 /* CoreData.swift */ = {isa = PBXFileReference; lastKnownFileType = sourcecode.swift; path = CoreData.swift; sourceTree = "<group>"; };
		755889202772F53D0063BF16 /* PlayersGameModel.swift */ = {isa = PBXFileReference; lastKnownFileType = sourcecode.swift; path = PlayersGameModel.swift; sourceTree = "<group>"; };
		755889242772F8C20063BF16 /* GameProtocol.swift */ = {isa = PBXFileReference; lastKnownFileType = sourcecode.swift; path = GameProtocol.swift; sourceTree = "<group>"; };
		759A002B27710362005C3C3E /* GameScene.sks */ = {isa = PBXFileReference; lastKnownFileType = file.sks; path = GameScene.sks; sourceTree = "<group>"; };
		759A002F277105EF005C3C3E /* GameScene.swift */ = {isa = PBXFileReference; lastKnownFileType = sourcecode.swift; path = GameScene.swift; sourceTree = "<group>"; };
		75E794A3276EF7040088E34D /* MiniGames.app */ = {isa = PBXFileReference; explicitFileType = wrapper.application; includeInIndex = 0; path = MiniGames.app; sourceTree = BUILT_PRODUCTS_DIR; };
		75E794A6276EF7040088E34D /* AppDelegate.swift */ = {isa = PBXFileReference; lastKnownFileType = sourcecode.swift; path = AppDelegate.swift; sourceTree = "<group>"; };
		75E794A8276EF7040088E34D /* SceneDelegate.swift */ = {isa = PBXFileReference; lastKnownFileType = sourcecode.swift; path = SceneDelegate.swift; sourceTree = "<group>"; };
		75E794AA276EF7040088E34D /* MainViewController.swift */ = {isa = PBXFileReference; lastKnownFileType = sourcecode.swift; path = MainViewController.swift; sourceTree = "<group>"; };
		75E794AD276EF7040088E34D /* Base */ = {isa = PBXFileReference; lastKnownFileType = file.storyboard; name = Base; path = Base.lproj/Main.storyboard; sourceTree = "<group>"; };
		75E794AF276EF70D0088E34D /* Assets.xcassets */ = {isa = PBXFileReference; lastKnownFileType = folder.assetcatalog; path = Assets.xcassets; sourceTree = "<group>"; };
		75E794B2276EF70D0088E34D /* Base */ = {isa = PBXFileReference; lastKnownFileType = file.storyboard; name = Base; path = Base.lproj/LaunchScreen.storyboard; sourceTree = "<group>"; };
		75E794B4276EF70D0088E34D /* Info.plist */ = {isa = PBXFileReference; lastKnownFileType = text.plist.xml; path = Info.plist; sourceTree = "<group>"; };
		75E794BB276F019F0088E34D /* MainViewController.xib */ = {isa = PBXFileReference; lastKnownFileType = file.xib; path = MainViewController.xib; sourceTree = "<group>"; };
/* End PBXFileReference section */

/* Begin PBXFrameworksBuildPhase section */
		75E794A0276EF7040088E34D /* Frameworks */ = {
			isa = PBXFrameworksBuildPhase;
			buildActionMask = 2147483647;
			files = (
			);
			runOnlyForDeploymentPostprocessing = 0;
		};
/* End PBXFrameworksBuildPhase section */

/* Begin PBXGroup section */
		750746E0276F060300597005 /* Presenter */ = {
			isa = PBXGroup;
			children = (
				750746DE276F05FD00597005 /* MainPresenter.swift */,
			);
			path = Presenter;
			sourceTree = "<group>";
		};
		750746E1276F060F00597005 /* View */ = {
			isa = PBXGroup;
			children = (
				75E794BB276F019F0088E34D /* MainViewController.xib */,
				75E794AA276EF7040088E34D /* MainViewController.swift */,
			);
			path = View;
			sourceTree = "<group>";
		};
		750746E6276F0EA600597005 /* SingleGameUsersModule */ = {
			isa = PBXGroup;
			children = (
				750746F0276F13C500597005 /* Model */,
				750746EA276F117D00597005 /* View */,
				750746E9276F105000597005 /* Presenter */,
			);
			path = SingleGameUsersModule;
			sourceTree = "<group>";
		};
		750746E9276F105000597005 /* Presenter */ = {
			isa = PBXGroup;
			children = (
				750746E7276F104D00597005 /* SingleGamesUsersPresenter.swift */,
			);
			path = Presenter;
			sourceTree = "<group>";
		};
		750746EA276F117D00597005 /* View */ = {
			isa = PBXGroup;
			children = (
				750746E2276F0EA100597005 /* SingleGameUsersViewController.swift */,
				750746E3276F0EA100597005 /* SingleGameUsersViewController.xib */,
			);
			path = View;
			sourceTree = "<group>";
		};
		750746EB276F127500597005 /* Extensions */ = {
			isa = PBXGroup;
			children = (
				750746EC276F128500597005 /* ExtViewController.swift */,
			);
			path = Extensions;
			sourceTree = "<group>";
		};
		750746F0276F13C500597005 /* Model */ = {
			isa = PBXGroup;
			children = (
				752ECF2C276F1FF9007BE008 /* SingleGameUsersCoreData.xcdatamodeld */,
			);
			path = Model;
			sourceTree = "<group>";
		};
		7518977A277000CE00B666F2 /* UI */ = {
			isa = PBXGroup;
			children = (
				75189778277000C200B666F2 /* TintedButton.swift */,
			);
			path = UI;
			sourceTree = "<group>";
		};
		7518977D2770352400B666F2 /* ListOfGamesMule */ = {
			isa = PBXGroup;
			children = (
				75189782277045D300B666F2 /* View */,
				75189783277045DC00B666F2 /* Presenter */,
			);
			path = ListOfGamesMule;
			sourceTree = "<group>";
		};
		75189782277045D300B666F2 /* View */ = {
			isa = PBXGroup;
			children = (
				7518977B2770351500B666F2 /* ListOfGamesViewController.swift */,
				7518978027703B2300B666F2 /* ListOfGamesViewController.xib */,
			);
			path = View;
			sourceTree = "<group>";
		};
		75189783277045DC00B666F2 /* Presenter */ = {
			isa = PBXGroup;
			children = (
				7518977E2770355B00B666F2 /* ListOfGamesPresenter.swift */,
			);
			path = Presenter;
			sourceTree = "<group>";
		};
		7518978827704B0D00B666F2 /* GameModule */ = {
			isa = PBXGroup;
			children = (
				755889222772F5440063BF16 /* Model */,
				7518978C27704BAD00B666F2 /* View */,
				7518978B27704B7D00B666F2 /* Presenter */,
			);
			path = GameModule;
			sourceTree = "<group>";
		};
		7518978B27704B7D00B666F2 /* Presenter */ = {
			isa = PBXGroup;
			children = (
				7518978927704B3900B666F2 /* GamePresenter.swift */,
			);
			path = Presenter;
			sourceTree = "<group>";
		};
		7518978C27704BAD00B666F2 /* View */ = {
			isa = PBXGroup;
			children = (
				7518978427704AFB00B666F2 /* GameViewController.swift */,
				7518978527704AFB00B666F2 /* GameViewController.xib */,
				75189799277074AC00B666F2 /* CollectionView */,
			);
			path = View;
			sourceTree = "<group>";
		};
		7518978D27704DAA00B666F2 /* Games */ = {
			isa = PBXGroup;
			children = (
				755889242772F8C20063BF16 /* GameProtocol.swift */,
				7518979227704E1000B666F2 /* RandomNumber */,
			);
			path = Games;
			sourceTree = "<group>";
		};
		7518979227704E1000B666F2 /* RandomNumber */ = {
			isa = PBXGroup;
			children = (
				7518979627704E3700B666F2 /* View */,
				7518979527704E3100B666F2 /* Presenter */,
			);
			path = RandomNumber;
			sourceTree = "<group>";
		};
		7518979527704E3100B666F2 /* Presenter */ = {
			isa = PBXGroup;
			children = (
				7518979327704E2E00B666F2 /* RandomNumberPresenter.swift */,
			);
			path = Presenter;
			sourceTree = "<group>";
		};
		7518979627704E3700B666F2 /* View */ = {
			isa = PBXGroup;
			children = (
				755889232772F5CB0063BF16 /* GameScene */,
				7518978E27704DEB00B666F2 /* RandomNumberViewController.swift */,
				7518978F27704DEB00B666F2 /* RandomNumberViewController.xib */,
			);
			path = View;
			sourceTree = "<group>";
		};
		75189799277074AC00B666F2 /* CollectionView */ = {
			isa = PBXGroup;
			children = (
				75189797277074A900B666F2 /* GameCollectionView.swift */,
			);
			path = CollectionView;
			sourceTree = "<group>";
		};
		752ECF31276F2BA9007BE008 /* Application */ = {
			isa = PBXGroup;
			children = (
				75E794A6276EF7040088E34D /* AppDelegate.swift */,
				75E794A8276EF7040088E34D /* SceneDelegate.swift */,
				752ECF33276F2BC4007BE008 /* InterfaceCreator */,
				752ECF32276F2BB9007BE008 /* Storage */,
			);
			path = Application;
			sourceTree = "<group>";
		};
		752ECF32276F2BB9007BE008 /* Storage */ = {
			isa = PBXGroup;
			children = (
				752ECF2F276F2910007BE008 /* CoreData.swift */,
			);
			path = Storage;
			sourceTree = "<group>";
		};
		752ECF33276F2BC4007BE008 /* InterfaceCreator */ = {
			isa = PBXGroup;
			children = (
				750746DA276F033500597005 /* ModuleBuilder.swift */,
				750746DC276F039500597005 /* Router.swift */,
			);
			path = InterfaceCreator;
			sourceTree = "<group>";
		};
		755889222772F5440063BF16 /* Model */ = {
			isa = PBXGroup;
			children = (
				755889202772F53D0063BF16 /* PlayersGameModel.swift */,
			);
			path = Model;
			sourceTree = "<group>";
		};
		755889232772F5CB0063BF16 /* GameScene */ = {
			isa = PBXGroup;
			children = (
				759A002B27710362005C3C3E /* GameScene.sks */,
				759A002F277105EF005C3C3E /* GameScene.swift */,
			);
			path = GameScene;
			sourceTree = "<group>";
		};
		75E7949A276EF7040088E34D = {
			isa = PBXGroup;
			children = (
				75E794A5276EF7040088E34D /* MiniGames */,
				75E794A4276EF7040088E34D /* Products */,
			);
			sourceTree = "<group>";
		};
		75E794A4276EF7040088E34D /* Products */ = {
			isa = PBXGroup;
			children = (
				75E794A3276EF7040088E34D /* MiniGames.app */,
			);
			name = Products;
			sourceTree = "<group>";
		};
		75E794A5276EF7040088E34D /* MiniGames */ = {
			isa = PBXGroup;
			children = (
				752ECF31276F2BA9007BE008 /* Application */,
				7518977A277000CE00B666F2 /* UI */,
				750746EB276F127500597005 /* Extensions */,
				75E794BA276F016D0088E34D /* MainModule */,
				750746E6276F0EA600597005 /* SingleGameUsersModule */,
				7518977D2770352400B666F2 /* ListOfGamesMule */,
				7518978827704B0D00B666F2 /* GameModule */,
				7518978D27704DAA00B666F2 /* Games */,
				75E794AC276EF7040088E34D /* Main.storyboard */,
				75E794AF276EF70D0088E34D /* Assets.xcassets */,
				75E794B1276EF70D0088E34D /* LaunchScreen.storyboard */,
				75E794B4276EF70D0088E34D /* Info.plist */,
			);
			path = MiniGames;
			sourceTree = "<group>";
		};
		75E794BA276F016D0088E34D /* MainModule */ = {
			isa = PBXGroup;
			children = (
				750746E0276F060300597005 /* Presenter */,
				750746E1276F060F00597005 /* View */,
			);
			path = MainModule;
			sourceTree = "<group>";
		};
/* End PBXGroup section */

/* Begin PBXNativeTarget section */
		75E794A2276EF7040088E34D /* MiniGames */ = {
			isa = PBXNativeTarget;
			buildConfigurationList = 75E794B7276EF70D0088E34D /* Build configuration list for PBXNativeTarget "MiniGames" */;
			buildPhases = (
				75E7949F276EF7040088E34D /* Sources */,
				75E794A0276EF7040088E34D /* Frameworks */,
				75E794A1276EF7040088E34D /* Resources */,
			);
			buildRules = (
			);
			dependencies = (
			);
			name = MiniGames;
			productName = MiniGames;
			productReference = 75E794A3276EF7040088E34D /* MiniGames.app */;
			productType = "com.apple.product-type.application";
		};
/* End PBXNativeTarget section */

/* Begin PBXProject section */
		75E7949B276EF7040088E34D /* Project object */ = {
			isa = PBXProject;
			attributes = {
				BuildIndependentTargetsInParallel = 1;
				LastSwiftUpdateCheck = 1300;
				LastUpgradeCheck = 1300;
				TargetAttributes = {
					75E794A2276EF7040088E34D = {
						CreatedOnToolsVersion = 13.0;
					};
				};
			};
			buildConfigurationList = 75E7949E276EF7040088E34D /* Build configuration list for PBXProject "MiniGames" */;
			compatibilityVersion = "Xcode 13.0";
			developmentRegion = en;
			hasScannedForEncodings = 0;
			knownRegions = (
				en,
				Base,
			);
			mainGroup = 75E7949A276EF7040088E34D;
			productRefGroup = 75E794A4276EF7040088E34D /* Products */;
			projectDirPath = "";
			projectRoot = "";
			targets = (
				75E794A2276EF7040088E34D /* MiniGames */,
			);
		};
/* End PBXProject section */

/* Begin PBXResourcesBuildPhase section */
		75E794A1276EF7040088E34D /* Resources */ = {
			isa = PBXResourcesBuildPhase;
			buildActionMask = 2147483647;
			files = (
				7518979127704DEB00B666F2 /* RandomNumberViewController.xib in Resources */,
				75E794B3276EF70D0088E34D /* LaunchScreen.storyboard in Resources */,
				759A002C27710364005C3C3E /* GameScene.sks in Resources */,
				75E794B0276EF70D0088E34D /* Assets.xcassets in Resources */,
				7518978127703B2300B666F2 /* ListOfGamesViewController.xib in Resources */,
				750746E5276F0EA100597005 /* SingleGameUsersViewController.xib in Resources */,
				7518978727704AFB00B666F2 /* GameViewController.xib in Resources */,
				75E794AE276EF7040088E34D /* Main.storyboard in Resources */,
				75E794BC276F019F0088E34D /* MainViewController.xib in Resources */,
			);
			runOnlyForDeploymentPostprocessing = 0;
		};
/* End PBXResourcesBuildPhase section */

/* Begin PBXSourcesBuildPhase section */
		75E7949F276EF7040088E34D /* Sources */ = {
			isa = PBXSourcesBuildPhase;
			buildActionMask = 2147483647;
			files = (
				7518979427704E2E00B666F2 /* RandomNumberPresenter.swift in Sources */,
				750746E8276F104D00597005 /* SingleGamesUsersPresenter.swift in Sources */,
				75189779277000C200B666F2 /* TintedButton.swift in Sources */,
				75E794AB276EF7040088E34D /* MainViewController.swift in Sources */,
				752ECF2E276F1FF9007BE008 /* SingleGameUsersCoreData.xcdatamodeld in Sources */,
				755889212772F53D0063BF16 /* PlayersGameModel.swift in Sources */,
				7518978A27704B3900B666F2 /* GamePresenter.swift in Sources */,
				750746DF276F05FD00597005 /* MainPresenter.swift in Sources */,
				750746ED276F128500597005 /* ExtViewController.swift in Sources */,
				755889252772F8C20063BF16 /* GameProtocol.swift in Sources */,
				752ECF30276F2910007BE008 /* CoreData.swift in Sources */,
				75E794A7276EF7040088E34D /* AppDelegate.swift in Sources */,
				759A0030277105EF005C3C3E /* GameScene.swift in Sources */,
				7518977F2770355B00B666F2 /* ListOfGamesPresenter.swift in Sources */,
				75189798277074A900B666F2 /* GameCollectionView.swift in Sources */,
				750746DD276F039500597005 /* Router.swift in Sources */,
				7518978627704AFB00B666F2 /* GameViewController.swift in Sources */,
				7518977C2770351500B666F2 /* ListOfGamesViewController.swift in Sources */,
				7518979027704DEB00B666F2 /* RandomNumberViewController.swift in Sources */,
				75E794A9276EF7040088E34D /* SceneDelegate.swift in Sources */,
				750746DB276F033500597005 /* ModuleBuilder.swift in Sources */,
				750746E4276F0EA100597005 /* SingleGameUsersViewController.swift in Sources */,
			);
			runOnlyForDeploymentPostprocessing = 0;
		};
/* End PBXSourcesBuildPhase section */

/* Begin PBXVariantGroup section */
		75E794AC276EF7040088E34D /* Main.storyboard */ = {
			isa = PBXVariantGroup;
			children = (
				75E794AD276EF7040088E34D /* Base */,
			);
			name = Main.storyboard;
			sourceTree = "<group>";
		};
		75E794B1276EF70D0088E34D /* LaunchScreen.storyboard */ = {
			isa = PBXVariantGroup;
			children = (
				75E794B2276EF70D0088E34D /* Base */,
			);
			name = LaunchScreen.storyboard;
			sourceTree = "<group>";
		};
/* End PBXVariantGroup section */

/* Begin XCBuildConfiguration section */
		75E794B5276EF70D0088E34D /* Debug */ = {
			isa = XCBuildConfiguration;
			buildSettings = {
				ALWAYS_SEARCH_USER_PATHS = NO;
				CLANG_ANALYZER_NONNULL = YES;
				CLANG_ANALYZER_NUMBER_OBJECT_CONVERSION = YES_AGGRESSIVE;
				CLANG_CXX_LANGUAGE_STANDARD = "gnu++17";
				CLANG_CXX_LIBRARY = "libc++";
				CLANG_ENABLE_MODULES = YES;
				CLANG_ENABLE_OBJC_ARC = YES;
				CLANG_ENABLE_OBJC_WEAK = YES;
				CLANG_WARN_BLOCK_CAPTURE_AUTORELEASING = YES;
				CLANG_WARN_BOOL_CONVERSION = YES;
				CLANG_WARN_COMMA = YES;
				CLANG_WARN_CONSTANT_CONVERSION = YES;
				CLANG_WARN_DEPRECATED_OBJC_IMPLEMENTATIONS = YES;
				CLANG_WARN_DIRECT_OBJC_ISA_USAGE = YES_ERROR;
				CLANG_WARN_DOCUMENTATION_COMMENTS = YES;
				CLANG_WARN_EMPTY_BODY = YES;
				CLANG_WARN_ENUM_CONVERSION = YES;
				CLANG_WARN_INFINITE_RECURSION = YES;
				CLANG_WARN_INT_CONVERSION = YES;
				CLANG_WARN_NON_LITERAL_NULL_CONVERSION = YES;
				CLANG_WARN_OBJC_IMPLICIT_RETAIN_SELF = YES;
				CLANG_WARN_OBJC_LITERAL_CONVERSION = YES;
				CLANG_WARN_OBJC_ROOT_CLASS = YES_ERROR;
				CLANG_WARN_QUOTED_INCLUDE_IN_FRAMEWORK_HEADER = YES;
				CLANG_WARN_RANGE_LOOP_ANALYSIS = YES;
				CLANG_WARN_STRICT_PROTOTYPES = YES;
				CLANG_WARN_SUSPICIOUS_MOVE = YES;
				CLANG_WARN_UNGUARDED_AVAILABILITY = YES_AGGRESSIVE;
				CLANG_WARN_UNREACHABLE_CODE = YES;
				CLANG_WARN__DUPLICATE_METHOD_MATCH = YES;
				COPY_PHASE_STRIP = NO;
				DEBUG_INFORMATION_FORMAT = dwarf;
				ENABLE_STRICT_OBJC_MSGSEND = YES;
				ENABLE_TESTABILITY = YES;
				GCC_C_LANGUAGE_STANDARD = gnu11;
				GCC_DYNAMIC_NO_PIC = NO;
				GCC_NO_COMMON_BLOCKS = YES;
				GCC_OPTIMIZATION_LEVEL = 0;
				GCC_PREPROCESSOR_DEFINITIONS = (
					"DEBUG=1",
					"$(inherited)",
				);
				GCC_WARN_64_TO_32_BIT_CONVERSION = YES;
				GCC_WARN_ABOUT_RETURN_TYPE = YES_ERROR;
				GCC_WARN_UNDECLARED_SELECTOR = YES;
				GCC_WARN_UNINITIALIZED_AUTOS = YES_AGGRESSIVE;
				GCC_WARN_UNUSED_FUNCTION = YES;
				GCC_WARN_UNUSED_VARIABLE = YES;
				IPHONEOS_DEPLOYMENT_TARGET = 14.2;
				MTL_ENABLE_DEBUG_INFO = INCLUDE_SOURCE;
				MTL_FAST_MATH = YES;
				ONLY_ACTIVE_ARCH = YES;
				SDKROOT = iphoneos;
				SWIFT_ACTIVE_COMPILATION_CONDITIONS = DEBUG;
				SWIFT_OPTIMIZATION_LEVEL = "-Onone";
			};
			name = Debug;
		};
		75E794B6276EF70D0088E34D /* Release */ = {
			isa = XCBuildConfiguration;
			buildSettings = {
				ALWAYS_SEARCH_USER_PATHS = NO;
				CLANG_ANALYZER_NONNULL = YES;
				CLANG_ANALYZER_NUMBER_OBJECT_CONVERSION = YES_AGGRESSIVE;
				CLANG_CXX_LANGUAGE_STANDARD = "gnu++17";
				CLANG_CXX_LIBRARY = "libc++";
				CLANG_ENABLE_MODULES = YES;
				CLANG_ENABLE_OBJC_ARC = YES;
				CLANG_ENABLE_OBJC_WEAK = YES;
				CLANG_WARN_BLOCK_CAPTURE_AUTORELEASING = YES;
				CLANG_WARN_BOOL_CONVERSION = YES;
				CLANG_WARN_COMMA = YES;
				CLANG_WARN_CONSTANT_CONVERSION = YES;
				CLANG_WARN_DEPRECATED_OBJC_IMPLEMENTATIONS = YES;
				CLANG_WARN_DIRECT_OBJC_ISA_USAGE = YES_ERROR;
				CLANG_WARN_DOCUMENTATION_COMMENTS = YES;
				CLANG_WARN_EMPTY_BODY = YES;
				CLANG_WARN_ENUM_CONVERSION = YES;
				CLANG_WARN_INFINITE_RECURSION = YES;
				CLANG_WARN_INT_CONVERSION = YES;
				CLANG_WARN_NON_LITERAL_NULL_CONVERSION = YES;
				CLANG_WARN_OBJC_IMPLICIT_RETAIN_SELF = YES;
				CLANG_WARN_OBJC_LITERAL_CONVERSION = YES;
				CLANG_WARN_OBJC_ROOT_CLASS = YES_ERROR;
				CLANG_WARN_QUOTED_INCLUDE_IN_FRAMEWORK_HEADER = YES;
				CLANG_WARN_RANGE_LOOP_ANALYSIS = YES;
				CLANG_WARN_STRICT_PROTOTYPES = YES;
				CLANG_WARN_SUSPICIOUS_MOVE = YES;
				CLANG_WARN_UNGUARDED_AVAILABILITY = YES_AGGRESSIVE;
				CLANG_WARN_UNREACHABLE_CODE = YES;
				CLANG_WARN__DUPLICATE_METHOD_MATCH = YES;
				COPY_PHASE_STRIP = NO;
				DEBUG_INFORMATION_FORMAT = "dwarf-with-dsym";
				ENABLE_NS_ASSERTIONS = NO;
				ENABLE_STRICT_OBJC_MSGSEND = YES;
				GCC_C_LANGUAGE_STANDARD = gnu11;
				GCC_NO_COMMON_BLOCKS = YES;
				GCC_WARN_64_TO_32_BIT_CONVERSION = YES;
				GCC_WARN_ABOUT_RETURN_TYPE = YES_ERROR;
				GCC_WARN_UNDECLARED_SELECTOR = YES;
				GCC_WARN_UNINITIALIZED_AUTOS = YES_AGGRESSIVE;
				GCC_WARN_UNUSED_FUNCTION = YES;
				GCC_WARN_UNUSED_VARIABLE = YES;
				IPHONEOS_DEPLOYMENT_TARGET = 14.2;
				MTL_ENABLE_DEBUG_INFO = NO;
				MTL_FAST_MATH = YES;
				SDKROOT = iphoneos;
				SWIFT_COMPILATION_MODE = wholemodule;
				SWIFT_OPTIMIZATION_LEVEL = "-O";
				VALIDATE_PRODUCT = YES;
			};
			name = Release;
		};
		75E794B8276EF70D0088E34D /* Debug */ = {
			isa = XCBuildConfiguration;
			buildSettings = {
				ASSETCATALOG_COMPILER_APPICON_NAME = AppIcon;
				ASSETCATALOG_COMPILER_GLOBAL_ACCENT_COLOR_NAME = AccentColor;
				CODE_SIGN_STYLE = Automatic;
				CURRENT_PROJECT_VERSION = 1;
				DEVELOPMENT_TEAM = 6TVC5Q5R78;
				GENERATE_INFOPLIST_FILE = YES;
				INFOPLIST_FILE = MiniGames/Info.plist;
				INFOPLIST_KEY_UIApplicationSupportsIndirectInputEvents = YES;
				INFOPLIST_KEY_UILaunchStoryboardName = LaunchScreen;
				INFOPLIST_KEY_UIMainStoryboardFile = Main;
				INFOPLIST_KEY_UISupportedInterfaceOrientations_iPad = "UIInterfaceOrientationPortrait UIInterfaceOrientationPortraitUpsideDown UIInterfaceOrientationLandscapeLeft UIInterfaceOrientationLandscapeRight";
				INFOPLIST_KEY_UISupportedInterfaceOrientations_iPhone = "UIInterfaceOrientationPortrait UIInterfaceOrientationLandscapeLeft UIInterfaceOrientationLandscapeRight";
				LD_RUNPATH_SEARCH_PATHS = (
					"$(inherited)",
					"@executable_path/Frameworks",
				);
				MARKETING_VERSION = 1.0;
				PRODUCT_BUNDLE_IDENTIFIER = By.Arthur.MiniGames;
				PRODUCT_NAME = "$(TARGET_NAME)";
				SWIFT_EMIT_LOC_STRINGS = YES;
				SWIFT_VERSION = 5.0;
				TARGETED_DEVICE_FAMILY = "1,2";
			};
			name = Debug;
		};
		75E794B9276EF70D0088E34D /* Release */ = {
			isa = XCBuildConfiguration;
			buildSettings = {
				ASSETCATALOG_COMPILER_APPICON_NAME = AppIcon;
				ASSETCATALOG_COMPILER_GLOBAL_ACCENT_COLOR_NAME = AccentColor;
				CODE_SIGN_STYLE = Automatic;
				CURRENT_PROJECT_VERSION = 1;
				DEVELOPMENT_TEAM = 6TVC5Q5R78;
				GENERATE_INFOPLIST_FILE = YES;
				INFOPLIST_FILE = MiniGames/Info.plist;
				INFOPLIST_KEY_UIApplicationSupportsIndirectInputEvents = YES;
				INFOPLIST_KEY_UILaunchStoryboardName = LaunchScreen;
				INFOPLIST_KEY_UIMainStoryboardFile = Main;
				INFOPLIST_KEY_UISupportedInterfaceOrientations_iPad = "UIInterfaceOrientationPortrait UIInterfaceOrientationPortraitUpsideDown UIInterfaceOrientationLandscapeLeft UIInterfaceOrientationLandscapeRight";
				INFOPLIST_KEY_UISupportedInterfaceOrientations_iPhone = "UIInterfaceOrientationPortrait UIInterfaceOrientationLandscapeLeft UIInterfaceOrientationLandscapeRight";
				LD_RUNPATH_SEARCH_PATHS = (
					"$(inherited)",
					"@executable_path/Frameworks",
				);
				MARKETING_VERSION = 1.0;
				PRODUCT_BUNDLE_IDENTIFIER = By.Arthur.MiniGames;
				PRODUCT_NAME = "$(TARGET_NAME)";
				SWIFT_EMIT_LOC_STRINGS = YES;
				SWIFT_VERSION = 5.0;
				TARGETED_DEVICE_FAMILY = "1,2";
			};
			name = Release;
		};
/* End XCBuildConfiguration section */

/* Begin XCConfigurationList section */
		75E7949E276EF7040088E34D /* Build configuration list for PBXProject "MiniGames" */ = {
			isa = XCConfigurationList;
			buildConfigurations = (
				75E794B5276EF70D0088E34D /* Debug */,
				75E794B6276EF70D0088E34D /* Release */,
			);
			defaultConfigurationIsVisible = 0;
			defaultConfigurationName = Release;
		};
		75E794B7276EF70D0088E34D /* Build configuration list for PBXNativeTarget "MiniGames" */ = {
			isa = XCConfigurationList;
			buildConfigurations = (
				75E794B8276EF70D0088E34D /* Debug */,
				75E794B9276EF70D0088E34D /* Release */,
			);
			defaultConfigurationIsVisible = 0;
			defaultConfigurationName = Release;
		};
/* End XCConfigurationList section */

/* Begin XCVersionGroup section */
		752ECF2C276F1FF9007BE008 /* SingleGameUsersCoreData.xcdatamodeld */ = {
			isa = XCVersionGroup;
			children = (
				752ECF2D276F1FF9007BE008 /* SingleUserModel.xcdatamodel */,
			);
			currentVersion = 752ECF2D276F1FF9007BE008 /* SingleUserModel.xcdatamodel */;
			path = SingleGameUsersCoreData.xcdatamodeld;
			sourceTree = "<group>";
			versionGroupType = wrapper.xcdatamodel;
		};
/* End XCVersionGroup section */
	};
	rootObject = 75E7949B276EF7040088E34D /* Project object */;
}
